// !$*UTF8*$!
{
	archiveVersion = 1;
	classes = {
	};
	objectVersion = 46;
	objects = {

/* Begin PBXBuildFile section */
		DF322DE41F8F26410030DF90 /* WBAlamofire.swift in Sources */ = {isa = PBXBuildFile; fileRef = DF322DDD1F8F26410030DF90 /* WBAlamofire.swift */; };
		DF322DE51F8F26410030DF90 /* WBAlBaseRequest.swift in Sources */ = {isa = PBXBuildFile; fileRef = DF322DDE1F8F26410030DF90 /* WBAlBaseRequest.swift */; };
		DF322DE61F8F26410030DF90 /* WBAlBatchRequest.swift in Sources */ = {isa = PBXBuildFile; fileRef = DF322DDF1F8F26410030DF90 /* WBAlBatchRequest.swift */; };
		DF322DE71F8F26410030DF90 /* WBAlChainRequest.swift in Sources */ = {isa = PBXBuildFile; fileRef = DF322DE01F8F26410030DF90 /* WBAlChainRequest.swift */; };
		DF322DE81F8F26410030DF90 /* WBAlConfig.swift in Sources */ = {isa = PBXBuildFile; fileRef = DF322DE11F8F26410030DF90 /* WBAlConfig.swift */; };
		DF322DE91F8F26410030DF90 /* WBAlRequest.swift in Sources */ = {isa = PBXBuildFile; fileRef = DF322DE21F8F26410030DF90 /* WBAlRequest.swift */; };
		DF322DEA1F8F26410030DF90 /* WBAlUtils.swift in Sources */ = {isa = PBXBuildFile; fileRef = DF322DE31F8F26410030DF90 /* WBAlUtils.swift */; };
		DFBA4BBD1F8F3D320096C1F2 /* AppDelegate.swift in Sources */ = {isa = PBXBuildFile; fileRef = DFBA4BB31F8F3D320096C1F2 /* AppDelegate.swift */; };
		DFBA4BBE1F8F3D320096C1F2 /* Assets.xcassets in Resources */ = {isa = PBXBuildFile; fileRef = DFBA4BB41F8F3D320096C1F2 /* Assets.xcassets */; };
		DFBA4BBF1F8F3D320096C1F2 /* LaunchScreen.storyboard in Resources */ = {isa = PBXBuildFile; fileRef = DFBA4BB51F8F3D320096C1F2 /* LaunchScreen.storyboard */; };
		DFBA4BC01F8F3D320096C1F2 /* Main.storyboard in Resources */ = {isa = PBXBuildFile; fileRef = DFBA4BB71F8F3D320096C1F2 /* Main.storyboard */; };
		DFBA4BC11F8F3D320096C1F2 /* Info.plist in Resources */ = {isa = PBXBuildFile; fileRef = DFBA4BBA1F8F3D320096C1F2 /* Info.plist */; };
		DFBA4BC21F8F3D320096C1F2 /* RegisterApi.swift in Sources */ = {isa = PBXBuildFile; fileRef = DFBA4BBB1F8F3D320096C1F2 /* RegisterApi.swift */; };
		DFBA4BC31F8F3D320096C1F2 /* ViewController.swift in Sources */ = {isa = PBXBuildFile; fileRef = DFBA4BBC1F8F3D320096C1F2 /* ViewController.swift */; };
/* End PBXBuildFile section */

/* Begin PBXFileReference section */
		DF15862C1E84D0620053CB3D /* WBAlamofire.app */ = {isa = PBXFileReference; explicitFileType = wrapper.application; includeInIndex = 0; path = WBAlamofire.app; sourceTree = BUILT_PRODUCTS_DIR; };
		DF322DDD1F8F26410030DF90 /* WBAlamofire.swift */ = {isa = PBXFileReference; fileEncoding = 4; lastKnownFileType = sourcecode.swift; path = WBAlamofire.swift; sourceTree = "<group>"; };
		DF322DDE1F8F26410030DF90 /* WBAlBaseRequest.swift */ = {isa = PBXFileReference; fileEncoding = 4; lastKnownFileType = sourcecode.swift; path = WBAlBaseRequest.swift; sourceTree = "<group>"; };
		DF322DDF1F8F26410030DF90 /* WBAlBatchRequest.swift */ = {isa = PBXFileReference; fileEncoding = 4; lastKnownFileType = sourcecode.swift; path = WBAlBatchRequest.swift; sourceTree = "<group>"; };
		DF322DE01F8F26410030DF90 /* WBAlChainRequest.swift */ = {isa = PBXFileReference; fileEncoding = 4; lastKnownFileType = sourcecode.swift; path = WBAlChainRequest.swift; sourceTree = "<group>"; };
		DF322DE11F8F26410030DF90 /* WBAlConfig.swift */ = {isa = PBXFileReference; fileEncoding = 4; lastKnownFileType = sourcecode.swift; path = WBAlConfig.swift; sourceTree = "<group>"; };
		DF322DE21F8F26410030DF90 /* WBAlRequest.swift */ = {isa = PBXFileReference; fileEncoding = 4; lastKnownFileType = sourcecode.swift; path = WBAlRequest.swift; sourceTree = "<group>"; };
		DF322DE31F8F26410030DF90 /* WBAlUtils.swift */ = {isa = PBXFileReference; fileEncoding = 4; lastKnownFileType = sourcecode.swift; path = WBAlUtils.swift; sourceTree = "<group>"; };
		DFBA4BB31F8F3D320096C1F2 /* AppDelegate.swift */ = {isa = PBXFileReference; fileEncoding = 4; lastKnownFileType = sourcecode.swift; path = AppDelegate.swift; sourceTree = "<group>"; };
		DFBA4BB41F8F3D320096C1F2 /* Assets.xcassets */ = {isa = PBXFileReference; lastKnownFileType = folder.assetcatalog; path = Assets.xcassets; sourceTree = "<group>"; };
		DFBA4BB61F8F3D320096C1F2 /* Base */ = {isa = PBXFileReference; lastKnownFileType = file.storyboard; name = Base; path = Base.lproj/LaunchScreen.storyboard; sourceTree = "<group>"; };
		DFBA4BB81F8F3D320096C1F2 /* Base */ = {isa = PBXFileReference; lastKnownFileType = file.storyboard; name = Base; path = Base.lproj/Main.storyboard; sourceTree = "<group>"; };
		DFBA4BB91F8F3D320096C1F2 /* header.h */ = {isa = PBXFileReference; fileEncoding = 4; lastKnownFileType = sourcecode.c.h; path = header.h; sourceTree = "<group>"; };
		DFBA4BBA1F8F3D320096C1F2 /* Info.plist */ = {isa = PBXFileReference; fileEncoding = 4; lastKnownFileType = text.plist.xml; path = Info.plist; sourceTree = "<group>"; };
		DFBA4BBB1F8F3D320096C1F2 /* RegisterApi.swift */ = {isa = PBXFileReference; fileEncoding = 4; lastKnownFileType = sourcecode.swift; path = RegisterApi.swift; sourceTree = "<group>"; };
		DFBA4BBC1F8F3D320096C1F2 /* ViewController.swift */ = {isa = PBXFileReference; fileEncoding = 4; lastKnownFileType = sourcecode.swift; path = ViewController.swift; sourceTree = "<group>"; };
/* End PBXFileReference section */

/* Begin PBXFrameworksBuildPhase section */
		DF1586291E84D0620053CB3D /* Frameworks */ = {
			isa = PBXFrameworksBuildPhase;
			buildActionMask = 2147483647;
			files = (
			);
			runOnlyForDeploymentPostprocessing = 0;
		};
/* End PBXFrameworksBuildPhase section */

/* Begin PBXGroup section */
		DF1586231E84D0620053CB3D = {
			isa = PBXGroup;
			children = (
				DF322DDC1F8F26410030DF90 /* Source */,
				DFBA4BB21F8F3D320096C1F2 /* WBAlamofireDemo */,
				DF15862D1E84D0620053CB3D /* Products */,
			);
			sourceTree = "<group>";
		};
		DF15862D1E84D0620053CB3D /* Products */ = {
			isa = PBXGroup;
			children = (
				DF15862C1E84D0620053CB3D /* WBAlamofire.app */,
			);
			name = Products;
			sourceTree = "<group>";
		};
		DF322DDC1F8F26410030DF90 /* Source */ = {
			isa = PBXGroup;
			children = (
				DF322DDD1F8F26410030DF90 /* WBAlamofire.swift */,
				DF322DDE1F8F26410030DF90 /* WBAlBaseRequest.swift */,
				DF322DDF1F8F26410030DF90 /* WBAlBatchRequest.swift */,
				DF322DE01F8F26410030DF90 /* WBAlChainRequest.swift */,
				DF322DE11F8F26410030DF90 /* WBAlConfig.swift */,
				DF322DE21F8F26410030DF90 /* WBAlRequest.swift */,
				DF322DE31F8F26410030DF90 /* WBAlUtils.swift */,
			);
			path = Source;
			sourceTree = "<group>";
		};
		DFBA4BB21F8F3D320096C1F2 /* WBAlamofireDemo */ = {
			isa = PBXGroup;
			children = (
				DFBA4BB31F8F3D320096C1F2 /* AppDelegate.swift */,
				DFBA4BB41F8F3D320096C1F2 /* Assets.xcassets */,
				DFBA4BB51F8F3D320096C1F2 /* LaunchScreen.storyboard */,
				DFBA4BB71F8F3D320096C1F2 /* Main.storyboard */,
				DFBA4BB91F8F3D320096C1F2 /* header.h */,
				DFBA4BBA1F8F3D320096C1F2 /* Info.plist */,
				DFBA4BBB1F8F3D320096C1F2 /* RegisterApi.swift */,
				DFBA4BBC1F8F3D320096C1F2 /* ViewController.swift */,
			);
			path = WBAlamofireDemo;
			sourceTree = "<group>";
		};
/* End PBXGroup section */

/* Begin PBXNativeTarget section */
		DF15862B1E84D0620053CB3D /* WBAlamofire */ = {
			isa = PBXNativeTarget;
			buildConfigurationList = DF15863E1E84D0620053CB3D /* Build configuration list for PBXNativeTarget "WBAlamofire" */;
			buildPhases = (
				DF1586281E84D0620053CB3D /* Sources */,
				DF1586291E84D0620053CB3D /* Frameworks */,
				DF15862A1E84D0620053CB3D /* Resources */,
			);
			buildRules = (
			);
			dependencies = (
			);
			name = WBAlamofire;
			productName = WBAlamofire;
			productReference = DF15862C1E84D0620053CB3D /* WBAlamofire.app */;
			productType = "com.apple.product-type.application";
		};
/* End PBXNativeTarget section */

/* Begin PBXProject section */
		DF1586241E84D0620053CB3D /* Project object */ = {
			isa = PBXProject;
			attributes = {
				LastSwiftUpdateCheck = 0820;
				LastUpgradeCheck = 0820;
				ORGANIZATIONNAME = "HengSu Technology";
				TargetAttributes = {
					DF15862B1E84D0620053CB3D = {
						CreatedOnToolsVersion = 8.2.1;
						ProvisioningStyle = Automatic;
					};
				};
			};
			buildConfigurationList = DF1586271E84D0620053CB3D /* Build configuration list for PBXProject "WBAlamofire" */;
			compatibilityVersion = "Xcode 3.2";
			developmentRegion = English;
			hasScannedForEncodings = 0;
			knownRegions = (
				en,
				Base,
			);
			mainGroup = DF1586231E84D0620053CB3D;
			productRefGroup = DF15862D1E84D0620053CB3D /* Products */;
			projectDirPath = "";
			projectRoot = "";
			targets = (
				DF15862B1E84D0620053CB3D /* WBAlamofire */,
			);
		};
/* End PBXProject section */

/* Begin PBXResourcesBuildPhase section */
		DF15862A1E84D0620053CB3D /* Resources */ = {
			isa = PBXResourcesBuildPhase;
			buildActionMask = 2147483647;
			files = (
				DFBA4BC11F8F3D320096C1F2 /* Info.plist in Resources */,
				DFBA4BC01F8F3D320096C1F2 /* Main.storyboard in Resources */,
				DFBA4BBE1F8F3D320096C1F2 /* Assets.xcassets in Resources */,
				DFBA4BBF1F8F3D320096C1F2 /* LaunchScreen.storyboard in Resources */,
			);
			runOnlyForDeploymentPostprocessing = 0;
		};
/* End PBXResourcesBuildPhase section */

/* Begin PBXSourcesBuildPhase section */
		DF1586281E84D0620053CB3D /* Sources */ = {
			isa = PBXSourcesBuildPhase;
			buildActionMask = 2147483647;
			files = (
				DFBA4BC31F8F3D320096C1F2 /* ViewController.swift in Sources */,
				DFBA4BBD1F8F3D320096C1F2 /* AppDelegate.swift in Sources */,
				DF322DE61F8F26410030DF90 /* WBAlBatchRequest.swift in Sources */,
				DF322DE51F8F26410030DF90 /* WBAlBaseRequest.swift in Sources */,
				DF322DE41F8F26410030DF90 /* WBAlamofire.swift in Sources */,
				DF322DE91F8F26410030DF90 /* WBAlRequest.swift in Sources */,
				DF322DEA1F8F26410030DF90 /* WBAlUtils.swift in Sources */,
				DFBA4BC21F8F3D320096C1F2 /* RegisterApi.swift in Sources */,
				DF322DE71F8F26410030DF90 /* WBAlChainRequest.swift in Sources */,
				DF322DE81F8F26410030DF90 /* WBAlConfig.swift in Sources */,
			);
			runOnlyForDeploymentPostprocessing = 0;
		};
/* End PBXSourcesBuildPhase section */

/* Begin PBXVariantGroup section */
		DFBA4BB51F8F3D320096C1F2 /* LaunchScreen.storyboard */ = {
			isa = PBXVariantGroup;
			children = (
				DFBA4BB61F8F3D320096C1F2 /* Base */,
			);
			name = LaunchScreen.storyboard;
			sourceTree = "<group>";
		};
		DFBA4BB71F8F3D320096C1F2 /* Main.storyboard */ = {
			isa = PBXVariantGroup;
			children = (
				DFBA4BB81F8F3D320096C1F2 /* Base */,
			);
			name = Main.storyboard;
			sourceTree = "<group>";
		};
/* End PBXVariantGroup section */

/* Begin XCBuildConfiguration section */
		DF15863C1E84D0620053CB3D /* Debug */ = {
			isa = XCBuildConfiguration;
			buildSettings = {
				ALWAYS_SEARCH_USER_PATHS = NO;
				CLANG_ANALYZER_NONNULL = YES;
				CLANG_CXX_LANGUAGE_STANDARD = "gnu++0x";
				CLANG_CXX_LIBRARY = "libc++";
				CLANG_ENABLE_MODULES = YES;
				CLANG_ENABLE_OBJC_ARC = YES;
				CLANG_WARN_BOOL_CONVERSION = YES;
				CLANG_WARN_CONSTANT_CONVERSION = YES;
				CLANG_WARN_DIRECT_OBJC_ISA_USAGE = YES_ERROR;
				CLANG_WARN_DOCUMENTATION_COMMENTS = YES;
				CLANG_WARN_EMPTY_BODY = YES;
				CLANG_WARN_ENUM_CONVERSION = YES;
				CLANG_WARN_INFINITE_RECURSION = YES;
				CLANG_WARN_INT_CONVERSION = YES;
				CLANG_WARN_OBJC_ROOT_CLASS = YES_ERROR;
				CLANG_WARN_SUSPICIOUS_MOVE = YES;
				CLANG_WARN_UNREACHABLE_CODE = YES;
				CLANG_WARN__DUPLICATE_METHOD_MATCH = YES;
				"CODE_SIGN_IDENTITY[sdk=iphoneos*]" = "iPhone Developer";
				COPY_PHASE_STRIP = NO;
				DEBUG_INFORMATION_FORMAT = dwarf;
				ENABLE_STRICT_OBJC_MSGSEND = YES;
				ENABLE_TESTABILITY = YES;
				GCC_C_LANGUAGE_STANDARD = gnu99;
				GCC_DYNAMIC_NO_PIC = NO;
				GCC_NO_COMMON_BLOCKS = YES;
				GCC_OPTIMIZATION_LEVEL = 0;
				GCC_PREPROCESSOR_DEFINITIONS = (
					"DEBUG=1",
					"$(inherited)",
				);
				GCC_WARN_64_TO_32_BIT_CONVERSION = YES;
				GCC_WARN_ABOUT_RETURN_TYPE = YES_ERROR;
				GCC_WARN_UNDECLARED_SELECTOR = YES;
				GCC_WARN_UNINITIALIZED_AUTOS = YES_AGGRESSIVE;
				GCC_WARN_UNUSED_FUNCTION = YES;
				GCC_WARN_UNUSED_VARIABLE = YES;
				IPHONEOS_DEPLOYMENT_TARGET = 10.2;
				MTL_ENABLE_DEBUG_INFO = YES;
				ONLY_ACTIVE_ARCH = YES;
				SDKROOT = iphoneos;
				SWIFT_ACTIVE_COMPILATION_CONDITIONS = DEBUG;
				SWIFT_OPTIMIZATION_LEVEL = "-Onone";
				TARGETED_DEVICE_FAMILY = "1,2";
			};
			name = Debug;
		};
		DF15863D1E84D0620053CB3D /* Release */ = {
			isa = XCBuildConfiguration;
			buildSettings = {
				ALWAYS_SEARCH_USER_PATHS = NO;
				CLANG_ANALYZER_NONNULL = YES;
				CLANG_CXX_LANGUAGE_STANDARD = "gnu++0x";
				CLANG_CXX_LIBRARY = "libc++";
				CLANG_ENABLE_MODULES = YES;
				CLANG_ENABLE_OBJC_ARC = YES;
				CLANG_WARN_BOOL_CONVERSION = YES;
				CLANG_WARN_CONSTANT_CONVERSION = YES;
				CLANG_WARN_DIRECT_OBJC_ISA_USAGE = YES_ERROR;
				CLANG_WARN_DOCUMENTATION_COMMENTS = YES;
				CLANG_WARN_EMPTY_BODY = YES;
				CLANG_WARN_ENUM_CONVERSION = YES;
				CLANG_WARN_INFINITE_RECURSION = YES;
				CLANG_WARN_INT_CONVERSION = YES;
				CLANG_WARN_OBJC_ROOT_CLASS = YES_ERROR;
				CLANG_WARN_SUSPICIOUS_MOVE = YES;
				CLANG_WARN_UNREACHABLE_CODE = YES;
				CLANG_WARN__DUPLICATE_METHOD_MATCH = YES;
				"CODE_SIGN_IDENTITY[sdk=iphoneos*]" = "iPhone Developer";
				COPY_PHASE_STRIP = NO;
				DEBUG_INFORMATION_FORMAT = "dwarf-with-dsym";
				ENABLE_NS_ASSERTIONS = NO;
				ENABLE_STRICT_OBJC_MSGSEND = YES;
				GCC_C_LANGUAGE_STANDARD = gnu99;
				GCC_NO_COMMON_BLOCKS = YES;
				GCC_WARN_64_TO_32_BIT_CONVERSION = YES;
				GCC_WARN_ABOUT_RETURN_TYPE = YES_ERROR;
				GCC_WARN_UNDECLARED_SELECTOR = YES;
				GCC_WARN_UNINITIALIZED_AUTOS = YES_AGGRESSIVE;
				GCC_WARN_UNUSED_FUNCTION = YES;
				GCC_WARN_UNUSED_VARIABLE = YES;
				IPHONEOS_DEPLOYMENT_TARGET = 10.2;
				MTL_ENABLE_DEBUG_INFO = NO;
				SDKROOT = iphoneos;
				SWIFT_OPTIMIZATION_LEVEL = "-Owholemodule";
				TARGETED_DEVICE_FAMILY = "1,2";
				VALIDATE_PRODUCT = YES;
			};
			name = Release;
		};
		DF15863F1E84D0620053CB3D /* Debug */ = {
			isa = XCBuildConfiguration;
			buildSettings = {
				ASSETCATALOG_COMPILER_APPICON_NAME = AppIcon;
				INFOPLIST_FILE = WBAlamofire/Info.plist;
				LD_RUNPATH_SEARCH_PATHS = "$(inherited) @executable_path/Frameworks";
				PRODUCT_BUNDLE_IDENTIFIER = com.hs.extension.WBAlamofire;
				PRODUCT_NAME = "$(TARGET_NAME)";
				SWIFT_OBJC_BRIDGING_HEADER = /Users/Zwb/Desktop/customParty/WBAlamofire/WBAlamofire/header.h;
				SWIFT_VERSION = 3.0;
			};
			name = Debug;
		};
		DF1586401E84D0620053CB3D /* Release */ = {
			isa = XCBuildConfiguration;
			buildSettings = {
				ASSETCATALOG_COMPILER_APPICON_NAME = AppIcon;
				INFOPLIST_FILE = WBAlamofire/Info.plist;
				LD_RUNPATH_SEARCH_PATHS = "$(inherited) @executable_path/Frameworks";
				PRODUCT_BUNDLE_IDENTIFIER = com.hs.extension.WBAlamofire;
				PRODUCT_NAME = "$(TARGET_NAME)";
				SWIFT_OBJC_BRIDGING_HEADER = /Users/Zwb/Desktop/customParty/WBAlamofire/WBAlamofire/header.h;
				SWIFT_VERSION = 3.0;
			};
			name = Release;
		};
/* End XCBuildConfiguration section */

/* Begin XCConfigurationList section */
		DF1586271E84D0620053CB3D /* Build configuration list for PBXProject "WBAlamofire" */ = {
			isa = XCConfigurationList;
			buildConfigurations = (
				DF15863C1E84D0620053CB3D /* Debug */,
				DF15863D1E84D0620053CB3D /* Release */,
			);
			defaultConfigurationIsVisible = 0;
			defaultConfigurationName = Release;
		};
		DF15863E1E84D0620053CB3D /* Build configuration list for PBXNativeTarget "WBAlamofire" */ = {
			isa = XCConfigurationList;
			buildConfigurations = (
				DF15863F1E84D0620053CB3D /* Debug */,
				DF1586401E84D0620053CB3D /* Release */,
			);
			defaultConfigurationIsVisible = 0;
			defaultConfigurationName = Release;
		};
/* End XCConfigurationList section */
	};
	rootObject = DF1586241E84D0620053CB3D /* Project object */;
}
