// !$*UTF8*$!
{
	archiveVersion = 1;
	classes = {
	};
	objectVersion = 46;
	objects = {

/* Begin PBXBuildFile section */
		2C68D3F99DD18673E41992A3 /* Pods_WBAlamofire.framework in Frameworks */ = {isa = PBXBuildFile; fileRef = 515C915A0D91A2EEB0968340 /* Pods_WBAlamofire.framework */; };
		DF322DE41F8F26410030DF90 /* WBAlamofire.swift in Sources */ = {isa = PBXBuildFile; fileRef = DF322DDD1F8F26410030DF90 /* WBAlamofire.swift */; };
		DF322DE51F8F26410030DF90 /* WBAlBaseRequest.swift in Sources */ = {isa = PBXBuildFile; fileRef = DF322DDE1F8F26410030DF90 /* WBAlBaseRequest.swift */; };
		DF322DE61F8F26410030DF90 /* WBAlBatchRequest.swift in Sources */ = {isa = PBXBuildFile; fileRef = DF322DDF1F8F26410030DF90 /* WBAlBatchRequest.swift */; };
		DF322DE71F8F26410030DF90 /* WBAlChainRequest.swift in Sources */ = {isa = PBXBuildFile; fileRef = DF322DE01F8F26410030DF90 /* WBAlChainRequest.swift */; };
		DF322DE81F8F26410030DF90 /* WBAlConfig.swift in Sources */ = {isa = PBXBuildFile; fileRef = DF322DE11F8F26410030DF90 /* WBAlConfig.swift */; };
		DF322DE91F8F26410030DF90 /* WBAlRequest.swift in Sources */ = {isa = PBXBuildFile; fileRef = DF322DE21F8F26410030DF90 /* WBAlRequest.swift */; };
		DF322DEA1F8F26410030DF90 /* WBAlUtils.swift in Sources */ = {isa = PBXBuildFile; fileRef = DF322DE31F8F26410030DF90 /* WBAlUtils.swift */; };
		DF64F7272015CA960014B168 /* WBActivityIndicatorView.swift in Sources */ = {isa = PBXBuildFile; fileRef = DF64F7262015CA960014B168 /* WBActivityIndicatorView.swift */; };
		DF71587F1FF3534B00D9B581 /* BaseRequest.swift in Sources */ = {isa = PBXBuildFile; fileRef = DF71587E1FF3534B00D9B581 /* BaseRequest.swift */; };
		DF7158811FF3758800D9B581 /* Launch Screen.storyboard in Resources */ = {isa = PBXBuildFile; fileRef = DF7158801FF3758800D9B581 /* Launch Screen.storyboard */; };
		DF7158831FF386F500D9B581 /* WBAlCache.swift in Sources */ = {isa = PBXBuildFile; fileRef = DF7158821FF386F500D9B581 /* WBAlCache.swift */; };
		DF77802221A2AA90004F3811 /* WBAlEnums.swift in Sources */ = {isa = PBXBuildFile; fileRef = DF77802121A2AA90004F3811 /* WBAlEnums.swift */; };
		DFBA4BBD1F8F3D320096C1F2 /* AppDelegate.swift in Sources */ = {isa = PBXBuildFile; fileRef = DFBA4BB31F8F3D320096C1F2 /* AppDelegate.swift */; };
		DFBA4BBE1F8F3D320096C1F2 /* Assets.xcassets in Resources */ = {isa = PBXBuildFile; fileRef = DFBA4BB41F8F3D320096C1F2 /* Assets.xcassets */; };
		DFBA4BC21F8F3D320096C1F2 /* RegisterApi.swift in Sources */ = {isa = PBXBuildFile; fileRef = DFBA4BBB1F8F3D320096C1F2 /* RegisterApi.swift */; };
		DFBA4BC31F8F3D320096C1F2 /* ViewController.swift in Sources */ = {isa = PBXBuildFile; fileRef = DFBA4BBC1F8F3D320096C1F2 /* ViewController.swift */; };
		DFC9EE231F8F42D600D95257 /* String+MD5.swift in Sources */ = {isa = PBXBuildFile; fileRef = DFC9EE221F8F42D600D95257 /* String+MD5.swift */; };
		DFCBB09B201C213C00AA4CDC /* WBAlamofire.swift in Sources */ = {isa = PBXBuildFile; fileRef = DF322DDD1F8F26410030DF90 /* WBAlamofire.swift */; };
		DFCBB09C201C213C00AA4CDC /* BaseRequest.swift in Sources */ = {isa = PBXBuildFile; fileRef = DF71587E1FF3534B00D9B581 /* BaseRequest.swift */; };
		DFCBB09D201C213C00AA4CDC /* WBAlBaseRequest.swift in Sources */ = {isa = PBXBuildFile; fileRef = DF322DDE1F8F26410030DF90 /* WBAlBaseRequest.swift */; };
		DFCBB09E201C213C00AA4CDC /* WBAlRequest.swift in Sources */ = {isa = PBXBuildFile; fileRef = DF322DE21F8F26410030DF90 /* WBAlRequest.swift */; };
		DFCBB09F201C213C00AA4CDC /* WBAlBatchRequest.swift in Sources */ = {isa = PBXBuildFile; fileRef = DF322DDF1F8F26410030DF90 /* WBAlBatchRequest.swift */; };
		DFCBB0A0201C213C00AA4CDC /* WBAlChainRequest.swift in Sources */ = {isa = PBXBuildFile; fileRef = DF322DE01F8F26410030DF90 /* WBAlChainRequest.swift */; };
		DFCBB0A1201C213C00AA4CDC /* WBActivityIndicatorView.swift in Sources */ = {isa = PBXBuildFile; fileRef = DF64F7262015CA960014B168 /* WBActivityIndicatorView.swift */; };
		DFCBB0A2201C213C00AA4CDC /* WBAlCache.swift in Sources */ = {isa = PBXBuildFile; fileRef = DF7158821FF386F500D9B581 /* WBAlCache.swift */; };
		DFCBB0A3201C213C00AA4CDC /* WBAlConfig.swift in Sources */ = {isa = PBXBuildFile; fileRef = DF322DE11F8F26410030DF90 /* WBAlConfig.swift */; };
		DFCBB0A4201C213C00AA4CDC /* WBAlUtils.swift in Sources */ = {isa = PBXBuildFile; fileRef = DF322DE31F8F26410030DF90 /* WBAlUtils.swift */; };
		DFCBB0A5201C213C00AA4CDC /* String+MD5.swift in Sources */ = {isa = PBXBuildFile; fileRef = DFC9EE221F8F42D600D95257 /* String+MD5.swift */; };
		DFCBB0A7201C21E100AA4CDC /* WBAlmofire.h in Headers */ = {isa = PBXBuildFile; fileRef = DF09FCDF1F8F5D3200F5ACD9 /* WBAlmofire.h */; settings = {ATTRIBUTES = (Public, ); }; };
		DFCBB173201C296400AA4CDC /* WBAlamofire.swift in Sources */ = {isa = PBXBuildFile; fileRef = DF322DDD1F8F26410030DF90 /* WBAlamofire.swift */; };
		DFCBB174201C296400AA4CDC /* BaseRequest.swift in Sources */ = {isa = PBXBuildFile; fileRef = DF71587E1FF3534B00D9B581 /* BaseRequest.swift */; };
		DFCBB175201C296400AA4CDC /* WBAlBaseRequest.swift in Sources */ = {isa = PBXBuildFile; fileRef = DF322DDE1F8F26410030DF90 /* WBAlBaseRequest.swift */; };
		DFCBB176201C296400AA4CDC /* WBAlRequest.swift in Sources */ = {isa = PBXBuildFile; fileRef = DF322DE21F8F26410030DF90 /* WBAlRequest.swift */; };
		DFCBB177201C296400AA4CDC /* WBAlBatchRequest.swift in Sources */ = {isa = PBXBuildFile; fileRef = DF322DDF1F8F26410030DF90 /* WBAlBatchRequest.swift */; };
		DFCBB178201C296400AA4CDC /* WBAlChainRequest.swift in Sources */ = {isa = PBXBuildFile; fileRef = DF322DE01F8F26410030DF90 /* WBAlChainRequest.swift */; };
		DFCBB179201C296400AA4CDC /* WBActivityIndicatorView.swift in Sources */ = {isa = PBXBuildFile; fileRef = DF64F7262015CA960014B168 /* WBActivityIndicatorView.swift */; };
		DFCBB17A201C296400AA4CDC /* WBAlCache.swift in Sources */ = {isa = PBXBuildFile; fileRef = DF7158821FF386F500D9B581 /* WBAlCache.swift */; };
		DFCBB17B201C296400AA4CDC /* WBAlConfig.swift in Sources */ = {isa = PBXBuildFile; fileRef = DF322DE11F8F26410030DF90 /* WBAlConfig.swift */; };
		DFCBB17C201C296400AA4CDC /* WBAlUtils.swift in Sources */ = {isa = PBXBuildFile; fileRef = DF322DE31F8F26410030DF90 /* WBAlUtils.swift */; };
		DFCBB17D201C296400AA4CDC /* String+MD5.swift in Sources */ = {isa = PBXBuildFile; fileRef = DFC9EE221F8F42D600D95257 /* String+MD5.swift */; };
		DFCBB17E201C296900AA4CDC /* WBAlmofire.h in Headers */ = {isa = PBXBuildFile; fileRef = DF09FCDF1F8F5D3200F5ACD9 /* WBAlmofire.h */; settings = {ATTRIBUTES = (Public, ); }; };
		DFCBB181201C2AE000AA4CDC /* WBAlamofire.swift in Sources */ = {isa = PBXBuildFile; fileRef = DF322DDD1F8F26410030DF90 /* WBAlamofire.swift */; };
		DFCBB182201C2AE000AA4CDC /* BaseRequest.swift in Sources */ = {isa = PBXBuildFile; fileRef = DF71587E1FF3534B00D9B581 /* BaseRequest.swift */; };
		DFCBB183201C2AE000AA4CDC /* WBAlBaseRequest.swift in Sources */ = {isa = PBXBuildFile; fileRef = DF322DDE1F8F26410030DF90 /* WBAlBaseRequest.swift */; };
		DFCBB184201C2AE000AA4CDC /* WBAlRequest.swift in Sources */ = {isa = PBXBuildFile; fileRef = DF322DE21F8F26410030DF90 /* WBAlRequest.swift */; };
		DFCBB185201C2AE000AA4CDC /* WBAlBatchRequest.swift in Sources */ = {isa = PBXBuildFile; fileRef = DF322DDF1F8F26410030DF90 /* WBAlBatchRequest.swift */; };
		DFCBB186201C2AE000AA4CDC /* WBAlChainRequest.swift in Sources */ = {isa = PBXBuildFile; fileRef = DF322DE01F8F26410030DF90 /* WBAlChainRequest.swift */; };
		DFCBB187201C2AE000AA4CDC /* WBActivityIndicatorView.swift in Sources */ = {isa = PBXBuildFile; fileRef = DF64F7262015CA960014B168 /* WBActivityIndicatorView.swift */; };
		DFCBB188201C2AE000AA4CDC /* WBAlCache.swift in Sources */ = {isa = PBXBuildFile; fileRef = DF7158821FF386F500D9B581 /* WBAlCache.swift */; };
		DFCBB189201C2AE000AA4CDC /* WBAlConfig.swift in Sources */ = {isa = PBXBuildFile; fileRef = DF322DE11F8F26410030DF90 /* WBAlConfig.swift */; };
		DFCBB18A201C2AE000AA4CDC /* WBAlUtils.swift in Sources */ = {isa = PBXBuildFile; fileRef = DF322DE31F8F26410030DF90 /* WBAlUtils.swift */; };
		DFCBB18B201C2AE000AA4CDC /* String+MD5.swift in Sources */ = {isa = PBXBuildFile; fileRef = DFC9EE221F8F42D600D95257 /* String+MD5.swift */; };
		DFCBB18C201C2AE400AA4CDC /* WBAlmofire.h in Headers */ = {isa = PBXBuildFile; fileRef = DF09FCDF1F8F5D3200F5ACD9 /* WBAlmofire.h */; settings = {ATTRIBUTES = (Public, ); }; };
		DFCBB18D201C2AF100AA4CDC /* WBAlamofire.swift in Sources */ = {isa = PBXBuildFile; fileRef = DF322DDD1F8F26410030DF90 /* WBAlamofire.swift */; };
		DFCBB18E201C2AF100AA4CDC /* BaseRequest.swift in Sources */ = {isa = PBXBuildFile; fileRef = DF71587E1FF3534B00D9B581 /* BaseRequest.swift */; };
		DFCBB18F201C2AF100AA4CDC /* WBAlBaseRequest.swift in Sources */ = {isa = PBXBuildFile; fileRef = DF322DDE1F8F26410030DF90 /* WBAlBaseRequest.swift */; };
		DFCBB190201C2AF100AA4CDC /* WBAlRequest.swift in Sources */ = {isa = PBXBuildFile; fileRef = DF322DE21F8F26410030DF90 /* WBAlRequest.swift */; };
		DFCBB191201C2AF100AA4CDC /* WBAlBatchRequest.swift in Sources */ = {isa = PBXBuildFile; fileRef = DF322DDF1F8F26410030DF90 /* WBAlBatchRequest.swift */; };
		DFCBB192201C2AF100AA4CDC /* WBAlChainRequest.swift in Sources */ = {isa = PBXBuildFile; fileRef = DF322DE01F8F26410030DF90 /* WBAlChainRequest.swift */; };
		DFCBB193201C2AF100AA4CDC /* WBActivityIndicatorView.swift in Sources */ = {isa = PBXBuildFile; fileRef = DF64F7262015CA960014B168 /* WBActivityIndicatorView.swift */; };
		DFCBB194201C2AF100AA4CDC /* WBAlCache.swift in Sources */ = {isa = PBXBuildFile; fileRef = DF7158821FF386F500D9B581 /* WBAlCache.swift */; };
		DFCBB195201C2AF100AA4CDC /* WBAlConfig.swift in Sources */ = {isa = PBXBuildFile; fileRef = DF322DE11F8F26410030DF90 /* WBAlConfig.swift */; };
		DFCBB196201C2AF100AA4CDC /* WBAlUtils.swift in Sources */ = {isa = PBXBuildFile; fileRef = DF322DE31F8F26410030DF90 /* WBAlUtils.swift */; };
		DFCBB197201C2AF100AA4CDC /* String+MD5.swift in Sources */ = {isa = PBXBuildFile; fileRef = DFC9EE221F8F42D600D95257 /* String+MD5.swift */; };
		DFCBB198201C2AF600AA4CDC /* WBAlmofire.h in Headers */ = {isa = PBXBuildFile; fileRef = DF09FCDF1F8F5D3200F5ACD9 /* WBAlmofire.h */; settings = {ATTRIBUTES = (Public, ); }; };
		DFFFC7A1201C7D520067824A /* Alamofire.framework in Frameworks */ = {isa = PBXBuildFile; fileRef = DFFFC7A0201C7D520067824A /* Alamofire.framework */; };
		DFFFC7A3201C7D620067824A /* Alamofire.framework in Frameworks */ = {isa = PBXBuildFile; fileRef = DFFFC7A2201C7D620067824A /* Alamofire.framework */; };
		DFFFC7A5201C7D740067824A /* Alamofire.framework in Frameworks */ = {isa = PBXBuildFile; fileRef = DFFFC7A4201C7D730067824A /* Alamofire.framework */; };
		DFFFC7A7201C7D820067824A /* Alamofire.framework in Frameworks */ = {isa = PBXBuildFile; fileRef = DFFFC7A6201C7D820067824A /* Alamofire.framework */; };
		DFFFC7AC201C83A80067824A /* UIKit.framework in Frameworks */ = {isa = PBXBuildFile; fileRef = DFFFC7AB201C83A80067824A /* UIKit.framework */; };
/* End PBXBuildFile section */

/* Begin PBXContainerItemProxy section */
		DF949550201F13CB0046D7A8 /* PBXContainerItemProxy */ = {
			isa = PBXContainerItemProxy;
			containerPortal = DF1586241E84D0620053CB3D /* Project object */;
			proxyType = 1;
			remoteGlobalIDString = DF15862B1E84D0620053CB3D;
			remoteInfo = WBAlamofire;
		};
/* End PBXContainerItemProxy section */

/* Begin PBXCopyFilesBuildPhase section */
		DFFFC791201C7B530067824A /* Embed Frameworks */ = {
			isa = PBXCopyFilesBuildPhase;
			buildActionMask = 2147483647;
			dstPath = "";
			dstSubfolderSpec = 10;
			files = (
			);
			name = "Embed Frameworks";
			runOnlyForDeploymentPostprocessing = 0;
		};
/* End PBXCopyFilesBuildPhase section */

/* Begin PBXFileReference section */
		03DE5D1FB9798699EA12B700 /* Pods-WBAlamofire.debug.xcconfig */ = {isa = PBXFileReference; includeInIndex = 1; lastKnownFileType = text.xcconfig; name = "Pods-WBAlamofire.debug.xcconfig"; path = "Pods/Target Support Files/Pods-WBAlamofire/Pods-WBAlamofire.debug.xcconfig"; sourceTree = "<group>"; };
		0A1AB55778BB6EB087F28DE1 /* Pods-WBAlamofire.release.xcconfig */ = {isa = PBXFileReference; includeInIndex = 1; lastKnownFileType = text.xcconfig; name = "Pods-WBAlamofire.release.xcconfig"; path = "Pods/Target Support Files/Pods-WBAlamofire/Pods-WBAlamofire.release.xcconfig"; sourceTree = "<group>"; };
		515C915A0D91A2EEB0968340 /* Pods_WBAlamofire.framework */ = {isa = PBXFileReference; explicitFileType = wrapper.framework; includeInIndex = 0; path = Pods_WBAlamofire.framework; sourceTree = BUILT_PRODUCTS_DIR; };
		DF09FCDF1F8F5D3200F5ACD9 /* WBAlmofire.h */ = {isa = PBXFileReference; lastKnownFileType = sourcecode.c.h; path = WBAlmofire.h; sourceTree = "<group>"; };
		DF09FCE11F8F5DE000F5ACD9 /* Info.plist */ = {isa = PBXFileReference; lastKnownFileType = text.plist.xml; path = Info.plist; sourceTree = "<group>"; };
		DF15862C1E84D0620053CB3D /* WBAlamofire.app */ = {isa = PBXFileReference; explicitFileType = wrapper.application; includeInIndex = 0; path = WBAlamofire.app; sourceTree = BUILT_PRODUCTS_DIR; };
		DF322DDD1F8F26410030DF90 /* WBAlamofire.swift */ = {isa = PBXFileReference; fileEncoding = 4; lastKnownFileType = sourcecode.swift; path = WBAlamofire.swift; sourceTree = "<group>"; };
		DF322DDE1F8F26410030DF90 /* WBAlBaseRequest.swift */ = {isa = PBXFileReference; fileEncoding = 4; lastKnownFileType = sourcecode.swift; path = WBAlBaseRequest.swift; sourceTree = "<group>"; };
		DF322DDF1F8F26410030DF90 /* WBAlBatchRequest.swift */ = {isa = PBXFileReference; fileEncoding = 4; lastKnownFileType = sourcecode.swift; path = WBAlBatchRequest.swift; sourceTree = "<group>"; };
		DF322DE01F8F26410030DF90 /* WBAlChainRequest.swift */ = {isa = PBXFileReference; fileEncoding = 4; lastKnownFileType = sourcecode.swift; path = WBAlChainRequest.swift; sourceTree = "<group>"; };
		DF322DE11F8F26410030DF90 /* WBAlConfig.swift */ = {isa = PBXFileReference; fileEncoding = 4; lastKnownFileType = sourcecode.swift; path = WBAlConfig.swift; sourceTree = "<group>"; };
		DF322DE21F8F26410030DF90 /* WBAlRequest.swift */ = {isa = PBXFileReference; fileEncoding = 4; lastKnownFileType = sourcecode.swift; path = WBAlRequest.swift; sourceTree = "<group>"; };
		DF322DE31F8F26410030DF90 /* WBAlUtils.swift */ = {isa = PBXFileReference; fileEncoding = 4; lastKnownFileType = sourcecode.swift; path = WBAlUtils.swift; sourceTree = "<group>"; };
		DF64F7262015CA960014B168 /* WBActivityIndicatorView.swift */ = {isa = PBXFileReference; fileEncoding = 4; lastKnownFileType = sourcecode.swift; path = WBActivityIndicatorView.swift; sourceTree = "<group>"; };
		DF71587E1FF3534B00D9B581 /* BaseRequest.swift */ = {isa = PBXFileReference; lastKnownFileType = sourcecode.swift; path = BaseRequest.swift; sourceTree = "<group>"; };
		DF7158801FF3758800D9B581 /* Launch Screen.storyboard */ = {isa = PBXFileReference; lastKnownFileType = file.storyboard; path = "Launch Screen.storyboard"; sourceTree = "<group>"; };
		DF7158821FF386F500D9B581 /* WBAlCache.swift */ = {isa = PBXFileReference; lastKnownFileType = sourcecode.swift; path = WBAlCache.swift; sourceTree = "<group>"; };
		DF77802121A2AA90004F3811 /* WBAlEnums.swift */ = {isa = PBXFileReference; lastKnownFileType = sourcecode.swift; path = WBAlEnums.swift; sourceTree = "<group>"; };
		DF94954B201F13CB0046D7A8 /* WBAlamofireTests.xctest */ = {isa = PBXFileReference; explicitFileType = wrapper.cfbundle; includeInIndex = 0; path = WBAlamofireTests.xctest; sourceTree = BUILT_PRODUCTS_DIR; };
		DFBA4BB31F8F3D320096C1F2 /* AppDelegate.swift */ = {isa = PBXFileReference; fileEncoding = 4; lastKnownFileType = sourcecode.swift; path = AppDelegate.swift; sourceTree = "<group>"; };
		DFBA4BB41F8F3D320096C1F2 /* Assets.xcassets */ = {isa = PBXFileReference; lastKnownFileType = folder.assetcatalog; path = Assets.xcassets; sourceTree = "<group>"; };
		DFBA4BBA1F8F3D320096C1F2 /* Info.plist */ = {isa = PBXFileReference; fileEncoding = 4; lastKnownFileType = text.plist.xml; path = Info.plist; sourceTree = "<group>"; };
		DFBA4BBB1F8F3D320096C1F2 /* RegisterApi.swift */ = {isa = PBXFileReference; fileEncoding = 4; lastKnownFileType = sourcecode.swift; path = RegisterApi.swift; sourceTree = "<group>"; };
		DFBA4BBC1F8F3D320096C1F2 /* ViewController.swift */ = {isa = PBXFileReference; fileEncoding = 4; lastKnownFileType = sourcecode.swift; path = ViewController.swift; sourceTree = "<group>"; };
		DFC9EE221F8F42D600D95257 /* String+MD5.swift */ = {isa = PBXFileReference; lastKnownFileType = sourcecode.swift; path = "String+MD5.swift"; sourceTree = "<group>"; };
		DFCBB08E201C20F400AA4CDC /* WBAlamofire.framework */ = {isa = PBXFileReference; explicitFileType = wrapper.framework; includeInIndex = 0; path = WBAlamofire.framework; sourceTree = BUILT_PRODUCTS_DIR; };
		DFCBB151201C290100AA4CDC /* WBAlamofire.framework */ = {isa = PBXFileReference; explicitFileType = wrapper.framework; includeInIndex = 0; path = WBAlamofire.framework; sourceTree = BUILT_PRODUCTS_DIR; };
		DFCBB15E201C291200AA4CDC /* WBAlamofire.framework */ = {isa = PBXFileReference; explicitFileType = wrapper.framework; includeInIndex = 0; path = WBAlamofire.framework; sourceTree = BUILT_PRODUCTS_DIR; };
		DFCBB16B201C292600AA4CDC /* WBAlamofire.framework */ = {isa = PBXFileReference; explicitFileType = wrapper.framework; includeInIndex = 0; path = WBAlamofire.framework; sourceTree = BUILT_PRODUCTS_DIR; };
		DFFFC7A0201C7D520067824A /* Alamofire.framework */ = {isa = PBXFileReference; lastKnownFileType = wrapper.framework; name = Alamofire.framework; path = Carthage/Build/Mac/Alamofire.framework; sourceTree = "<group>"; };
		DFFFC7A2201C7D620067824A /* Alamofire.framework */ = {isa = PBXFileReference; lastKnownFileType = wrapper.framework; name = Alamofire.framework; path = Carthage/Build/tvOS/Alamofire.framework; sourceTree = "<group>"; };
		DFFFC7A4201C7D730067824A /* Alamofire.framework */ = {isa = PBXFileReference; lastKnownFileType = wrapper.framework; name = Alamofire.framework; path = Carthage/Build/iOS/Alamofire.framework; sourceTree = "<group>"; };
		DFFFC7A6201C7D820067824A /* Alamofire.framework */ = {isa = PBXFileReference; lastKnownFileType = wrapper.framework; name = Alamofire.framework; path = Carthage/Build/watchOS/Alamofire.framework; sourceTree = "<group>"; };
		DFFFC7AB201C83A80067824A /* UIKit.framework */ = {isa = PBXFileReference; lastKnownFileType = wrapper.framework; name = UIKit.framework; path = System/Library/Frameworks/UIKit.framework; sourceTree = SDKROOT; };
/* End PBXFileReference section */

/* Begin PBXFrameworksBuildPhase section */
		DF1586291E84D0620053CB3D /* Frameworks */ = {
			isa = PBXFrameworksBuildPhase;
			buildActionMask = 2147483647;
			files = (
				2C68D3F99DD18673E41992A3 /* Pods_WBAlamofire.framework in Frameworks */,
			);
			runOnlyForDeploymentPostprocessing = 0;
		};
		DF949548201F13CB0046D7A8 /* Frameworks */ = {
			isa = PBXFrameworksBuildPhase;
			buildActionMask = 2147483647;
			files = (
			);
			runOnlyForDeploymentPostprocessing = 0;
		};
		DFCBB08A201C20F400AA4CDC /* Frameworks */ = {
			isa = PBXFrameworksBuildPhase;
			buildActionMask = 2147483647;
			files = (
				DFFFC7AC201C83A80067824A /* UIKit.framework in Frameworks */,
				DFFFC7A5201C7D740067824A /* Alamofire.framework in Frameworks */,
			);
			runOnlyForDeploymentPostprocessing = 0;
		};
		DFCBB14D201C290100AA4CDC /* Frameworks */ = {
			isa = PBXFrameworksBuildPhase;
			buildActionMask = 2147483647;
			files = (
				DFFFC7A7201C7D820067824A /* Alamofire.framework in Frameworks */,
			);
			runOnlyForDeploymentPostprocessing = 0;
		};
		DFCBB15A201C291200AA4CDC /* Frameworks */ = {
			isa = PBXFrameworksBuildPhase;
			buildActionMask = 2147483647;
			files = (
				DFFFC7A3201C7D620067824A /* Alamofire.framework in Frameworks */,
			);
			runOnlyForDeploymentPostprocessing = 0;
		};
		DFCBB167201C292600AA4CDC /* Frameworks */ = {
			isa = PBXFrameworksBuildPhase;
			buildActionMask = 2147483647;
			files = (
				DFFFC7A1201C7D520067824A /* Alamofire.framework in Frameworks */,
			);
			runOnlyForDeploymentPostprocessing = 0;
		};
/* End PBXFrameworksBuildPhase section */

/* Begin PBXGroup section */
		1838F346AA93344B9C43BE38 /* Pods */ = {
			isa = PBXGroup;
			children = (
				03DE5D1FB9798699EA12B700 /* Pods-WBAlamofire.debug.xcconfig */,
				0A1AB55778BB6EB087F28DE1 /* Pods-WBAlamofire.release.xcconfig */,
			);
			name = Pods;
			sourceTree = "<group>";
		};
		DF09FCE01F8F5D8C00F5ACD9 /* Support Files */ = {
			isa = PBXGroup;
			children = (
				DF09FCDF1F8F5D3200F5ACD9 /* WBAlmofire.h */,
				DF09FCE11F8F5DE000F5ACD9 /* Info.plist */,
			);
			path = "Support Files";
			sourceTree = "<group>";
		};
		DF1586231E84D0620053CB3D = {
			isa = PBXGroup;
			children = (
				DF322DDC1F8F26410030DF90 /* Source */,
				DFBA4BB21F8F3D320096C1F2 /* WBAlamofireDemo */,
				DF15862D1E84D0620053CB3D /* Products */,
				1838F346AA93344B9C43BE38 /* Pods */,
				DF68CC1C9672036D3304F168 /* Frameworks */,
			);
			sourceTree = "<group>";
		};
		DF15862D1E84D0620053CB3D /* Products */ = {
			isa = PBXGroup;
			children = (
				DF15862C1E84D0620053CB3D /* WBAlamofire.app */,
				DFCBB08E201C20F400AA4CDC /* WBAlamofire.framework */,
				DFCBB151201C290100AA4CDC /* WBAlamofire.framework */,
				DFCBB15E201C291200AA4CDC /* WBAlamofire.framework */,
				DFCBB16B201C292600AA4CDC /* WBAlamofire.framework */,
				DF94954B201F13CB0046D7A8 /* WBAlamofireTests.xctest */,
			);
			name = Products;
			sourceTree = "<group>";
		};
		DF322DDC1F8F26410030DF90 /* Source */ = {
			isa = PBXGroup;
			children = (
				DF71587E1FF3534B00D9B581 /* BaseRequest.swift */,
				DF77802121A2AA90004F3811 /* WBAlEnums.swift */,
				DF322DDE1F8F26410030DF90 /* WBAlBaseRequest.swift */,
				DF322DE21F8F26410030DF90 /* WBAlRequest.swift */,
				DF322DDD1F8F26410030DF90 /* WBAlamofire.swift */,
				DF322DDF1F8F26410030DF90 /* WBAlBatchRequest.swift */,
				DF322DE01F8F26410030DF90 /* WBAlChainRequest.swift */,
				DF64F7262015CA960014B168 /* WBActivityIndicatorView.swift */,
				DF7158821FF386F500D9B581 /* WBAlCache.swift */,
				DF322DE11F8F26410030DF90 /* WBAlConfig.swift */,
				DF322DE31F8F26410030DF90 /* WBAlUtils.swift */,
				DFC9EE221F8F42D600D95257 /* String+MD5.swift */,
				DF09FCE01F8F5D8C00F5ACD9 /* Support Files */,
			);
			path = Source;
			sourceTree = "<group>";
		};
		DF68CC1C9672036D3304F168 /* Frameworks */ = {
			isa = PBXGroup;
			children = (
				DFFFC7AB201C83A80067824A /* UIKit.framework */,
				DFFFC7A0201C7D520067824A /* Alamofire.framework */,
				DFFFC7A2201C7D620067824A /* Alamofire.framework */,
				DFFFC7A4201C7D730067824A /* Alamofire.framework */,
				DFFFC7A6201C7D820067824A /* Alamofire.framework */,
				515C915A0D91A2EEB0968340 /* Pods_WBAlamofire.framework */,
			);
			name = Frameworks;
			sourceTree = "<group>";
		};
		DFBA4BB21F8F3D320096C1F2 /* WBAlamofireDemo */ = {
			isa = PBXGroup;
			children = (
				DFBA4BB31F8F3D320096C1F2 /* AppDelegate.swift */,
				DFBA4BB41F8F3D320096C1F2 /* Assets.xcassets */,
				DFBA4BBA1F8F3D320096C1F2 /* Info.plist */,
				DFBA4BBC1F8F3D320096C1F2 /* ViewController.swift */,
				DFBA4BBB1F8F3D320096C1F2 /* RegisterApi.swift */,
				DF7158801FF3758800D9B581 /* Launch Screen.storyboard */,
			);
			path = WBAlamofireDemo;
			sourceTree = "<group>";
		};
/* End PBXGroup section */

/* Begin PBXHeadersBuildPhase section */
		DFCBB08B201C20F400AA4CDC /* Headers */ = {
			isa = PBXHeadersBuildPhase;
			buildActionMask = 2147483647;
			files = (
				DFCBB0A7201C21E100AA4CDC /* WBAlmofire.h in Headers */,
			);
			runOnlyForDeploymentPostprocessing = 0;
		};
		DFCBB14E201C290100AA4CDC /* Headers */ = {
			isa = PBXHeadersBuildPhase;
			buildActionMask = 2147483647;
			files = (
				DFCBB18C201C2AE400AA4CDC /* WBAlmofire.h in Headers */,
			);
			runOnlyForDeploymentPostprocessing = 0;
		};
		DFCBB15B201C291200AA4CDC /* Headers */ = {
			isa = PBXHeadersBuildPhase;
			buildActionMask = 2147483647;
			files = (
				DFCBB198201C2AF600AA4CDC /* WBAlmofire.h in Headers */,
			);
			runOnlyForDeploymentPostprocessing = 0;
		};
		DFCBB168201C292600AA4CDC /* Headers */ = {
			isa = PBXHeadersBuildPhase;
			buildActionMask = 2147483647;
			files = (
				DFCBB17E201C296900AA4CDC /* WBAlmofire.h in Headers */,
			);
			runOnlyForDeploymentPostprocessing = 0;
		};
/* End PBXHeadersBuildPhase section */

/* Begin PBXNativeTarget section */
		DF15862B1E84D0620053CB3D /* WBAlamofire */ = {
			isa = PBXNativeTarget;
			buildConfigurationList = DF15863E1E84D0620053CB3D /* Build configuration list for PBXNativeTarget "WBAlamofire" */;
			buildPhases = (
				EE1627B9CDC1584462CB96CD /* [CP] Check Pods Manifest.lock */,
				DF1586281E84D0620053CB3D /* Sources */,
				DF1586291E84D0620053CB3D /* Frameworks */,
				DF15862A1E84D0620053CB3D /* Resources */,
				0996EE984B380F6FF2D9B2DB /* [CP] Embed Pods Frameworks */,
				DFFFC791201C7B530067824A /* Embed Frameworks */,
			);
			buildRules = (
			);
			dependencies = (
			);
			name = WBAlamofire;
			productName = WBAlamofire;
			productReference = DF15862C1E84D0620053CB3D /* WBAlamofire.app */;
			productType = "com.apple.product-type.application";
		};
		DF94954A201F13CB0046D7A8 /* WBAlamofireTests */ = {
			isa = PBXNativeTarget;
			buildConfigurationList = DF949554201F13CB0046D7A8 /* Build configuration list for PBXNativeTarget "WBAlamofireTests" */;
			buildPhases = (
				DF949547201F13CB0046D7A8 /* Sources */,
				DF949548201F13CB0046D7A8 /* Frameworks */,
				DF949549201F13CB0046D7A8 /* Resources */,
			);
			buildRules = (
			);
			dependencies = (
				DF949551201F13CB0046D7A8 /* PBXTargetDependency */,
			);
			name = WBAlamofireTests;
			productName = WBAlamofireTests;
			productReference = DF94954B201F13CB0046D7A8 /* WBAlamofireTests.xctest */;
			productType = "com.apple.product-type.bundle.unit-test";
		};
		DFCBB08D201C20F400AA4CDC /* WBAlamofire iOS */ = {
			isa = PBXNativeTarget;
			buildConfigurationList = DFCBB099201C20F400AA4CDC /* Build configuration list for PBXNativeTarget "WBAlamofire iOS" */;
			buildPhases = (
				DFCBB089201C20F400AA4CDC /* Sources */,
				DFCBB08A201C20F400AA4CDC /* Frameworks */,
				DFCBB08B201C20F400AA4CDC /* Headers */,
				DFCBB08C201C20F400AA4CDC /* Resources */,
			);
			buildRules = (
			);
			dependencies = (
			);
			name = "WBAlamofire iOS";
			productName = "WBAlamofire iOS";
			productReference = DFCBB08E201C20F400AA4CDC /* WBAlamofire.framework */;
			productType = "com.apple.product-type.framework";
		};
		DFCBB150201C290100AA4CDC /* WBAlamofire watchOS */ = {
			isa = PBXNativeTarget;
			buildConfigurationList = DFCBB156201C290100AA4CDC /* Build configuration list for PBXNativeTarget "WBAlamofire watchOS" */;
			buildPhases = (
				DFCBB14C201C290100AA4CDC /* Sources */,
				DFCBB14D201C290100AA4CDC /* Frameworks */,
				DFCBB14E201C290100AA4CDC /* Headers */,
				DFCBB14F201C290100AA4CDC /* Resources */,
			);
			buildRules = (
			);
			dependencies = (
			);
			name = "WBAlamofire watchOS";
			productName = "WBAlamofire watchOS";
			productReference = DFCBB151201C290100AA4CDC /* WBAlamofire.framework */;
			productType = "com.apple.product-type.framework";
		};
		DFCBB15D201C291200AA4CDC /* WBAlamofire tvOS */ = {
			isa = PBXNativeTarget;
			buildConfigurationList = DFCBB163201C291200AA4CDC /* Build configuration list for PBXNativeTarget "WBAlamofire tvOS" */;
			buildPhases = (
				DFCBB159201C291200AA4CDC /* Sources */,
				DFCBB15A201C291200AA4CDC /* Frameworks */,
				DFCBB15B201C291200AA4CDC /* Headers */,
				DFCBB15C201C291200AA4CDC /* Resources */,
			);
			buildRules = (
			);
			dependencies = (
			);
			name = "WBAlamofire tvOS";
			productName = "WBAlamofire tvOS";
			productReference = DFCBB15E201C291200AA4CDC /* WBAlamofire.framework */;
			productType = "com.apple.product-type.framework";
		};
		DFCBB16A201C292600AA4CDC /* WBAlamofire macOS */ = {
			isa = PBXNativeTarget;
			buildConfigurationList = DFCBB170201C292600AA4CDC /* Build configuration list for PBXNativeTarget "WBAlamofire macOS" */;
			buildPhases = (
				DFCBB166201C292600AA4CDC /* Sources */,
				DFCBB167201C292600AA4CDC /* Frameworks */,
				DFCBB168201C292600AA4CDC /* Headers */,
				DFCBB169201C292600AA4CDC /* Resources */,
			);
			buildRules = (
			);
			dependencies = (
			);
			name = "WBAlamofire macOS";
			productName = "WBAlamofire macOS";
			productReference = DFCBB16B201C292600AA4CDC /* WBAlamofire.framework */;
			productType = "com.apple.product-type.framework";
		};
/* End PBXNativeTarget section */

/* Begin PBXProject section */
		DF1586241E84D0620053CB3D /* Project object */ = {
			isa = PBXProject;
			attributes = {
				LastSwiftUpdateCheck = 0920;
				LastUpgradeCheck = 1020;
				ORGANIZATIONNAME = "HengSu Technology";
				TargetAttributes = {
					DF15862B1E84D0620053CB3D = {
						CreatedOnToolsVersion = 8.2.1;
						ProvisioningStyle = Manual;
					};
					DF94954A201F13CB0046D7A8 = {
						CreatedOnToolsVersion = 9.2;
						DevelopmentTeam = 6R9HK9G946;
						ProvisioningStyle = Automatic;
						TestTargetID = DF15862B1E84D0620053CB3D;
					};
					DFCBB08D201C20F400AA4CDC = {
						CreatedOnToolsVersion = 9.2;
						ProvisioningStyle = Manual;
					};
					DFCBB150201C290100AA4CDC = {
						CreatedOnToolsVersion = 9.2;
						ProvisioningStyle = Manual;
					};
					DFCBB15D201C291200AA4CDC = {
						CreatedOnToolsVersion = 9.2;
						ProvisioningStyle = Manual;
					};
					DFCBB16A201C292600AA4CDC = {
						CreatedOnToolsVersion = 9.2;
						ProvisioningStyle = Manual;
					};
				};
			};
			buildConfigurationList = DF1586271E84D0620053CB3D /* Build configuration list for PBXProject "WBAlamofire" */;
			compatibilityVersion = "Xcode 3.2";
			developmentRegion = English;
			hasScannedForEncodings = 0;
			knownRegions = (
				English,
				en,
				Base,
			);
			mainGroup = DF1586231E84D0620053CB3D;
			productRefGroup = DF15862D1E84D0620053CB3D /* Products */;
			projectDirPath = "";
			projectRoot = "";
			targets = (
				DF15862B1E84D0620053CB3D /* WBAlamofire */,
				DFCBB08D201C20F400AA4CDC /* WBAlamofire iOS */,
				DFCBB150201C290100AA4CDC /* WBAlamofire watchOS */,
				DFCBB15D201C291200AA4CDC /* WBAlamofire tvOS */,
				DFCBB16A201C292600AA4CDC /* WBAlamofire macOS */,
				DF94954A201F13CB0046D7A8 /* WBAlamofireTests */,
			);
		};
/* End PBXProject section */

/* Begin PBXResourcesBuildPhase section */
		DF15862A1E84D0620053CB3D /* Resources */ = {
			isa = PBXResourcesBuildPhase;
			buildActionMask = 2147483647;
			files = (
				DF7158811FF3758800D9B581 /* Launch Screen.storyboard in Resources */,
				DFBA4BBE1F8F3D320096C1F2 /* Assets.xcassets in Resources */,
			);
			runOnlyForDeploymentPostprocessing = 0;
		};
		DF949549201F13CB0046D7A8 /* Resources */ = {
			isa = PBXResourcesBuildPhase;
			buildActionMask = 2147483647;
			files = (
			);
			runOnlyForDeploymentPostprocessing = 0;
		};
		DFCBB08C201C20F400AA4CDC /* Resources */ = {
			isa = PBXResourcesBuildPhase;
			buildActionMask = 2147483647;
			files = (
			);
			runOnlyForDeploymentPostprocessing = 0;
		};
		DFCBB14F201C290100AA4CDC /* Resources */ = {
			isa = PBXResourcesBuildPhase;
			buildActionMask = 2147483647;
			files = (
			);
			runOnlyForDeploymentPostprocessing = 0;
		};
		DFCBB15C201C291200AA4CDC /* Resources */ = {
			isa = PBXResourcesBuildPhase;
			buildActionMask = 2147483647;
			files = (
			);
			runOnlyForDeploymentPostprocessing = 0;
		};
		DFCBB169201C292600AA4CDC /* Resources */ = {
			isa = PBXResourcesBuildPhase;
			buildActionMask = 2147483647;
			files = (
			);
			runOnlyForDeploymentPostprocessing = 0;
		};
/* End PBXResourcesBuildPhase section */

/* Begin PBXShellScriptBuildPhase section */
		0996EE984B380F6FF2D9B2DB /* [CP] Embed Pods Frameworks */ = {
			isa = PBXShellScriptBuildPhase;
			buildActionMask = 2147483647;
			files = (
			);
			inputPaths = (
				"${PODS_ROOT}/Target Support Files/Pods-WBAlamofire/Pods-WBAlamofire-frameworks.sh",
				"${BUILT_PRODUCTS_DIR}/Alamofire/Alamofire.framework",
			);
			name = "[CP] Embed Pods Frameworks";
			outputPaths = (
				"${TARGET_BUILD_DIR}/${FRAMEWORKS_FOLDER_PATH}/Alamofire.framework",
			);
			runOnlyForDeploymentPostprocessing = 0;
			shellPath = /bin/sh;
			shellScript = "\"${PODS_ROOT}/Target Support Files/Pods-WBAlamofire/Pods-WBAlamofire-frameworks.sh\"\n";
			showEnvVarsInLog = 0;
		};
		EE1627B9CDC1584462CB96CD /* [CP] Check Pods Manifest.lock */ = {
			isa = PBXShellScriptBuildPhase;
			buildActionMask = 2147483647;
			files = (
			);
			inputPaths = (
				"${PODS_PODFILE_DIR_PATH}/Podfile.lock",
				"${PODS_ROOT}/Manifest.lock",
			);
			name = "[CP] Check Pods Manifest.lock";
			outputPaths = (
				"$(DERIVED_FILE_DIR)/Pods-WBAlamofire-checkManifestLockResult.txt",
			);
			runOnlyForDeploymentPostprocessing = 0;
			shellPath = /bin/sh;
			shellScript = "diff \"${PODS_PODFILE_DIR_PATH}/Podfile.lock\" \"${PODS_ROOT}/Manifest.lock\" > /dev/null\nif [ $? != 0 ] ; then\n    # print error to STDERR\n    echo \"error: The sandbox is not in sync with the Podfile.lock. Run 'pod install' or update your CocoaPods installation.\" >&2\n    exit 1\nfi\n# This output is used by Xcode 'outputs' to avoid re-running this script phase.\necho \"SUCCESS\" > \"${SCRIPT_OUTPUT_FILE_0}\"\n";
			showEnvVarsInLog = 0;
		};
/* End PBXShellScriptBuildPhase section */

/* Begin PBXSourcesBuildPhase section */
		DF1586281E84D0620053CB3D /* Sources */ = {
			isa = PBXSourcesBuildPhase;
			buildActionMask = 2147483647;
			files = (
				DFBA4BC31F8F3D320096C1F2 /* ViewController.swift in Sources */,
				DFBA4BBD1F8F3D320096C1F2 /* AppDelegate.swift in Sources */,
				DF7158831FF386F500D9B581 /* WBAlCache.swift in Sources */,
				DFC9EE231F8F42D600D95257 /* String+MD5.swift in Sources */,
				DF322DE61F8F26410030DF90 /* WBAlBatchRequest.swift in Sources */,
				DF77802221A2AA90004F3811 /* WBAlEnums.swift in Sources */,
				DF322DE51F8F26410030DF90 /* WBAlBaseRequest.swift in Sources */,
				DF64F7272015CA960014B168 /* WBActivityIndicatorView.swift in Sources */,
				DF322DE41F8F26410030DF90 /* WBAlamofire.swift in Sources */,
				DF322DE91F8F26410030DF90 /* WBAlRequest.swift in Sources */,
				DF322DEA1F8F26410030DF90 /* WBAlUtils.swift in Sources */,
				DFBA4BC21F8F3D320096C1F2 /* RegisterApi.swift in Sources */,
				DF322DE71F8F26410030DF90 /* WBAlChainRequest.swift in Sources */,
				DF71587F1FF3534B00D9B581 /* BaseRequest.swift in Sources */,
				DF322DE81F8F26410030DF90 /* WBAlConfig.swift in Sources */,
			);
			runOnlyForDeploymentPostprocessing = 0;
		};
		DF949547201F13CB0046D7A8 /* Sources */ = {
			isa = PBXSourcesBuildPhase;
			buildActionMask = 2147483647;
			files = (
			);
			runOnlyForDeploymentPostprocessing = 0;
		};
		DFCBB089201C20F400AA4CDC /* Sources */ = {
			isa = PBXSourcesBuildPhase;
			buildActionMask = 2147483647;
			files = (
				DFCBB09B201C213C00AA4CDC /* WBAlamofire.swift in Sources */,
				DFCBB09C201C213C00AA4CDC /* BaseRequest.swift in Sources */,
				DFCBB09D201C213C00AA4CDC /* WBAlBaseRequest.swift in Sources */,
				DFCBB09E201C213C00AA4CDC /* WBAlRequest.swift in Sources */,
				DFCBB09F201C213C00AA4CDC /* WBAlBatchRequest.swift in Sources */,
				DFCBB0A0201C213C00AA4CDC /* WBAlChainRequest.swift in Sources */,
				DFCBB0A1201C213C00AA4CDC /* WBActivityIndicatorView.swift in Sources */,
				DFCBB0A2201C213C00AA4CDC /* WBAlCache.swift in Sources */,
				DFCBB0A3201C213C00AA4CDC /* WBAlConfig.swift in Sources */,
				DFCBB0A4201C213C00AA4CDC /* WBAlUtils.swift in Sources */,
				DFCBB0A5201C213C00AA4CDC /* String+MD5.swift in Sources */,
			);
			runOnlyForDeploymentPostprocessing = 0;
		};
		DFCBB14C201C290100AA4CDC /* Sources */ = {
			isa = PBXSourcesBuildPhase;
			buildActionMask = 2147483647;
			files = (
				DFCBB181201C2AE000AA4CDC /* WBAlamofire.swift in Sources */,
				DFCBB182201C2AE000AA4CDC /* BaseRequest.swift in Sources */,
				DFCBB183201C2AE000AA4CDC /* WBAlBaseRequest.swift in Sources */,
				DFCBB184201C2AE000AA4CDC /* WBAlRequest.swift in Sources */,
				DFCBB185201C2AE000AA4CDC /* WBAlBatchRequest.swift in Sources */,
				DFCBB186201C2AE000AA4CDC /* WBAlChainRequest.swift in Sources */,
				DFCBB187201C2AE000AA4CDC /* WBActivityIndicatorView.swift in Sources */,
				DFCBB188201C2AE000AA4CDC /* WBAlCache.swift in Sources */,
				DFCBB189201C2AE000AA4CDC /* WBAlConfig.swift in Sources */,
				DFCBB18A201C2AE000AA4CDC /* WBAlUtils.swift in Sources */,
				DFCBB18B201C2AE000AA4CDC /* String+MD5.swift in Sources */,
			);
			runOnlyForDeploymentPostprocessing = 0;
		};
		DFCBB159201C291200AA4CDC /* Sources */ = {
			isa = PBXSourcesBuildPhase;
			buildActionMask = 2147483647;
			files = (
				DFCBB18D201C2AF100AA4CDC /* WBAlamofire.swift in Sources */,
				DFCBB18E201C2AF100AA4CDC /* BaseRequest.swift in Sources */,
				DFCBB18F201C2AF100AA4CDC /* WBAlBaseRequest.swift in Sources */,
				DFCBB190201C2AF100AA4CDC /* WBAlRequest.swift in Sources */,
				DFCBB191201C2AF100AA4CDC /* WBAlBatchRequest.swift in Sources */,
				DFCBB192201C2AF100AA4CDC /* WBAlChainRequest.swift in Sources */,
				DFCBB193201C2AF100AA4CDC /* WBActivityIndicatorView.swift in Sources */,
				DFCBB194201C2AF100AA4CDC /* WBAlCache.swift in Sources */,
				DFCBB195201C2AF100AA4CDC /* WBAlConfig.swift in Sources */,
				DFCBB196201C2AF100AA4CDC /* WBAlUtils.swift in Sources */,
				DFCBB197201C2AF100AA4CDC /* String+MD5.swift in Sources */,
			);
			runOnlyForDeploymentPostprocessing = 0;
		};
		DFCBB166201C292600AA4CDC /* Sources */ = {
			isa = PBXSourcesBuildPhase;
			buildActionMask = 2147483647;
			files = (
				DFCBB173201C296400AA4CDC /* WBAlamofire.swift in Sources */,
				DFCBB174201C296400AA4CDC /* BaseRequest.swift in Sources */,
				DFCBB175201C296400AA4CDC /* WBAlBaseRequest.swift in Sources */,
				DFCBB176201C296400AA4CDC /* WBAlRequest.swift in Sources */,
				DFCBB177201C296400AA4CDC /* WBAlBatchRequest.swift in Sources */,
				DFCBB178201C296400AA4CDC /* WBAlChainRequest.swift in Sources */,
				DFCBB179201C296400AA4CDC /* WBActivityIndicatorView.swift in Sources */,
				DFCBB17A201C296400AA4CDC /* WBAlCache.swift in Sources */,
				DFCBB17B201C296400AA4CDC /* WBAlConfig.swift in Sources */,
				DFCBB17C201C296400AA4CDC /* WBAlUtils.swift in Sources */,
				DFCBB17D201C296400AA4CDC /* String+MD5.swift in Sources */,
			);
			runOnlyForDeploymentPostprocessing = 0;
		};
/* End PBXSourcesBuildPhase section */

/* Begin PBXTargetDependency section */
		DF949551201F13CB0046D7A8 /* PBXTargetDependency */ = {
			isa = PBXTargetDependency;
			target = DF15862B1E84D0620053CB3D /* WBAlamofire */;
			targetProxy = DF949550201F13CB0046D7A8 /* PBXContainerItemProxy */;
		};
/* End PBXTargetDependency section */

/* Begin XCBuildConfiguration section */
		DF15863C1E84D0620053CB3D /* Debug */ = {
			isa = XCBuildConfiguration;
			buildSettings = {
				ALWAYS_SEARCH_USER_PATHS = NO;
				CLANG_ANALYZER_LOCALIZABILITY_NONLOCALIZED = YES;
				CLANG_ANALYZER_NONNULL = YES;
				CLANG_CXX_LANGUAGE_STANDARD = "gnu++0x";
				CLANG_CXX_LIBRARY = "libc++";
				CLANG_ENABLE_MODULES = YES;
				CLANG_ENABLE_OBJC_ARC = YES;
				CLANG_WARN_BLOCK_CAPTURE_AUTORELEASING = YES;
				CLANG_WARN_BOOL_CONVERSION = YES;
				CLANG_WARN_COMMA = YES;
				CLANG_WARN_CONSTANT_CONVERSION = YES;
				CLANG_WARN_DEPRECATED_OBJC_IMPLEMENTATIONS = YES;
				CLANG_WARN_DIRECT_OBJC_ISA_USAGE = YES_ERROR;
				CLANG_WARN_DOCUMENTATION_COMMENTS = YES;
				CLANG_WARN_EMPTY_BODY = YES;
				CLANG_WARN_ENUM_CONVERSION = YES;
				CLANG_WARN_INFINITE_RECURSION = YES;
				CLANG_WARN_INT_CONVERSION = YES;
				CLANG_WARN_NON_LITERAL_NULL_CONVERSION = YES;
				CLANG_WARN_OBJC_IMPLICIT_RETAIN_SELF = YES;
				CLANG_WARN_OBJC_LITERAL_CONVERSION = YES;
				CLANG_WARN_OBJC_ROOT_CLASS = YES_ERROR;
				CLANG_WARN_RANGE_LOOP_ANALYSIS = YES;
				CLANG_WARN_STRICT_PROTOTYPES = YES;
				CLANG_WARN_SUSPICIOUS_MOVE = YES;
				CLANG_WARN_UNREACHABLE_CODE = YES;
				CLANG_WARN__DUPLICATE_METHOD_MATCH = YES;
				"CODE_SIGN_IDENTITY[sdk=iphoneos*]" = "iPhone Developer";
				COPY_PHASE_STRIP = NO;
				DEBUG_INFORMATION_FORMAT = dwarf;
				ENABLE_STRICT_OBJC_MSGSEND = YES;
				ENABLE_TESTABILITY = YES;
				GCC_C_LANGUAGE_STANDARD = gnu99;
				GCC_DYNAMIC_NO_PIC = NO;
				GCC_NO_COMMON_BLOCKS = YES;
				GCC_OPTIMIZATION_LEVEL = 0;
				GCC_PREPROCESSOR_DEFINITIONS = (
					"DEBUG=1",
					"$(inherited)",
				);
				GCC_WARN_64_TO_32_BIT_CONVERSION = YES;
				GCC_WARN_ABOUT_RETURN_TYPE = YES_ERROR;
				GCC_WARN_UNDECLARED_SELECTOR = YES;
				GCC_WARN_UNINITIALIZED_AUTOS = YES_AGGRESSIVE;
				GCC_WARN_UNUSED_FUNCTION = YES;
				GCC_WARN_UNUSED_VARIABLE = YES;
				IPHONEOS_DEPLOYMENT_TARGET = 10.2;
				MTL_ENABLE_DEBUG_INFO = YES;
				ONLY_ACTIVE_ARCH = YES;
				SDKROOT = iphoneos;
				SWIFT_ACTIVE_COMPILATION_CONDITIONS = DEBUG;
				SWIFT_OPTIMIZATION_LEVEL = "-Onone";
				TARGETED_DEVICE_FAMILY = "1,2";
			};
			name = Debug;
		};
		DF15863D1E84D0620053CB3D /* Release */ = {
			isa = XCBuildConfiguration;
			buildSettings = {
				ALWAYS_SEARCH_USER_PATHS = NO;
				CLANG_ANALYZER_LOCALIZABILITY_NONLOCALIZED = YES;
				CLANG_ANALYZER_NONNULL = YES;
				CLANG_CXX_LANGUAGE_STANDARD = "gnu++0x";
				CLANG_CXX_LIBRARY = "libc++";
				CLANG_ENABLE_MODULES = YES;
				CLANG_ENABLE_OBJC_ARC = YES;
				CLANG_WARN_BLOCK_CAPTURE_AUTORELEASING = YES;
				CLANG_WARN_BOOL_CONVERSION = YES;
				CLANG_WARN_COMMA = YES;
				CLANG_WARN_CONSTANT_CONVERSION = YES;
				CLANG_WARN_DEPRECATED_OBJC_IMPLEMENTATIONS = YES;
				CLANG_WARN_DIRECT_OBJC_ISA_USAGE = YES_ERROR;
				CLANG_WARN_DOCUMENTATION_COMMENTS = YES;
				CLANG_WARN_EMPTY_BODY = YES;
				CLANG_WARN_ENUM_CONVERSION = YES;
				CLANG_WARN_INFINITE_RECURSION = YES;
				CLANG_WARN_INT_CONVERSION = YES;
				CLANG_WARN_NON_LITERAL_NULL_CONVERSION = YES;
				CLANG_WARN_OBJC_IMPLICIT_RETAIN_SELF = YES;
				CLANG_WARN_OBJC_LITERAL_CONVERSION = YES;
				CLANG_WARN_OBJC_ROOT_CLASS = YES_ERROR;
				CLANG_WARN_RANGE_LOOP_ANALYSIS = YES;
				CLANG_WARN_STRICT_PROTOTYPES = YES;
				CLANG_WARN_SUSPICIOUS_MOVE = YES;
				CLANG_WARN_UNREACHABLE_CODE = YES;
				CLANG_WARN__DUPLICATE_METHOD_MATCH = YES;
				"CODE_SIGN_IDENTITY[sdk=iphoneos*]" = "iPhone Developer";
				COPY_PHASE_STRIP = NO;
				DEBUG_INFORMATION_FORMAT = "dwarf-with-dsym";
				ENABLE_NS_ASSERTIONS = NO;
				ENABLE_STRICT_OBJC_MSGSEND = YES;
				GCC_C_LANGUAGE_STANDARD = gnu99;
				GCC_NO_COMMON_BLOCKS = YES;
				GCC_WARN_64_TO_32_BIT_CONVERSION = YES;
				GCC_WARN_ABOUT_RETURN_TYPE = YES_ERROR;
				GCC_WARN_UNDECLARED_SELECTOR = YES;
				GCC_WARN_UNINITIALIZED_AUTOS = YES_AGGRESSIVE;
				GCC_WARN_UNUSED_FUNCTION = YES;
				GCC_WARN_UNUSED_VARIABLE = YES;
				IPHONEOS_DEPLOYMENT_TARGET = 10.2;
				MTL_ENABLE_DEBUG_INFO = NO;
				SDKROOT = iphoneos;
				SWIFT_OPTIMIZATION_LEVEL = "-Owholemodule";
				TARGETED_DEVICE_FAMILY = "1,2";
				VALIDATE_PRODUCT = YES;
			};
			name = Release;
		};
		DF15863F1E84D0620053CB3D /* Debug */ = {
			isa = XCBuildConfiguration;
			baseConfigurationReference = 03DE5D1FB9798699EA12B700 /* Pods-WBAlamofire.debug.xcconfig */;
			buildSettings = {
				ASSETCATALOG_COMPILER_APPICON_NAME = AppIcon;
				CODE_SIGN_IDENTITY = "iPhone Developer";
				CODE_SIGN_STYLE = Manual;
				DEVELOPMENT_TEAM = "";
				INFOPLIST_FILE = "$(SRCROOT)/WBAlamofireDemo/Info.plist";
				IPHONEOS_DEPLOYMENT_TARGET = 10.0;
				LD_RUNPATH_SEARCH_PATHS = "$(inherited) @executable_path/Frameworks";
				PRODUCT_BUNDLE_IDENTIFIER = com.hs.WBAlamofire;
				PRODUCT_NAME = "$(TARGET_NAME)";
				PROVISIONING_PROFILE_SPECIFIER = "";
				SWIFT_OBJC_BRIDGING_HEADER = "";
				SWIFT_VERSION = 5.0;
			};
			name = Debug;
		};
		DF1586401E84D0620053CB3D /* Release */ = {
			isa = XCBuildConfiguration;
			baseConfigurationReference = 0A1AB55778BB6EB087F28DE1 /* Pods-WBAlamofire.release.xcconfig */;
			buildSettings = {
				ASSETCATALOG_COMPILER_APPICON_NAME = AppIcon;
				CODE_SIGN_IDENTITY = "iPhone Developer";
				CODE_SIGN_STYLE = Manual;
				DEVELOPMENT_TEAM = "";
				INFOPLIST_FILE = "$(SRCROOT)/WBAlamofireDemo/Info.plist";
				IPHONEOS_DEPLOYMENT_TARGET = 10.0;
				LD_RUNPATH_SEARCH_PATHS = "$(inherited) @executable_path/Frameworks";
				PRODUCT_BUNDLE_IDENTIFIER = com.hs.WBAlamofire;
				PRODUCT_NAME = "$(TARGET_NAME)";
				PROVISIONING_PROFILE_SPECIFIER = "";
				SWIFT_OBJC_BRIDGING_HEADER = "";
				SWIFT_VERSION = 5.0;
			};
			name = Release;
		};
		DF949552201F13CB0046D7A8 /* Debug */ = {
			isa = XCBuildConfiguration;
			buildSettings = {
				BUNDLE_LOADER = "$(TEST_HOST)";
				CLANG_ANALYZER_NUMBER_OBJECT_CONVERSION = YES_AGGRESSIVE;
				CLANG_CXX_LANGUAGE_STANDARD = "gnu++14";
				CLANG_WARN_UNGUARDED_AVAILABILITY = YES_AGGRESSIVE;
				CODE_SIGN_IDENTITY = "iPhone Developer";
				CODE_SIGN_STYLE = Automatic;
				DEVELOPMENT_TEAM = 6R9HK9G946;
				GCC_C_LANGUAGE_STANDARD = gnu11;
				INFOPLIST_FILE = WBAlamofireTests/Info.plist;
				IPHONEOS_DEPLOYMENT_TARGET = 11.2;
				LD_RUNPATH_SEARCH_PATHS = "$(inherited) @executable_path/Frameworks @loader_path/Frameworks";
				PRODUCT_BUNDLE_IDENTIFIER = com.hs.WBAlamofireTests;
				PRODUCT_NAME = "$(TARGET_NAME)";
				SWIFT_VERSION = 4.0;
				TARGETED_DEVICE_FAMILY = "1,2";
				TEST_HOST = "$(BUILT_PRODUCTS_DIR)/WBAlamofire.app/WBAlamofire";
			};
			name = Debug;
		};
		DF949553201F13CB0046D7A8 /* Release */ = {
			isa = XCBuildConfiguration;
			buildSettings = {
				BUNDLE_LOADER = "$(TEST_HOST)";
				CLANG_ANALYZER_NUMBER_OBJECT_CONVERSION = YES_AGGRESSIVE;
				CLANG_CXX_LANGUAGE_STANDARD = "gnu++14";
				CLANG_WARN_UNGUARDED_AVAILABILITY = YES_AGGRESSIVE;
				CODE_SIGN_IDENTITY = "iPhone Developer";
				CODE_SIGN_STYLE = Automatic;
				DEVELOPMENT_TEAM = 6R9HK9G946;
				GCC_C_LANGUAGE_STANDARD = gnu11;
				INFOPLIST_FILE = WBAlamofireTests/Info.plist;
				IPHONEOS_DEPLOYMENT_TARGET = 11.2;
				LD_RUNPATH_SEARCH_PATHS = "$(inherited) @executable_path/Frameworks @loader_path/Frameworks";
				PRODUCT_BUNDLE_IDENTIFIER = com.hs.WBAlamofireTests;
				PRODUCT_NAME = "$(TARGET_NAME)";
				SWIFT_VERSION = 4.0;
				TARGETED_DEVICE_FAMILY = "1,2";
				TEST_HOST = "$(BUILT_PRODUCTS_DIR)/WBAlamofire.app/WBAlamofire";
			};
			name = Release;
		};
		DFCBB097201C20F400AA4CDC /* Debug */ = {
			isa = XCBuildConfiguration;
			buildSettings = {
				APPLICATION_EXTENSION_API_ONLY = NO;
				CLANG_ANALYZER_NUMBER_OBJECT_CONVERSION = YES_AGGRESSIVE;
				CLANG_CXX_LANGUAGE_STANDARD = "gnu++14";
				CLANG_WARN_UNGUARDED_AVAILABILITY = YES_AGGRESSIVE;
				CODE_SIGN_IDENTITY = "iPhone Developer";
				"CODE_SIGN_IDENTITY[sdk=iphoneos*]" = "";
				CODE_SIGN_STYLE = Manual;
				CURRENT_PROJECT_VERSION = 1;
				DEFINES_MODULE = YES;
				DEVELOPMENT_TEAM = "";
				DYLIB_COMPATIBILITY_VERSION = 1;
				DYLIB_CURRENT_VERSION = 1;
				DYLIB_INSTALL_NAME_BASE = "@rpath";
				FRAMEWORK_SEARCH_PATHS = (
					"$(inherited)",
					"$(PROJECT_DIR)/Carthage/Build/iOS",
				);
				GCC_C_LANGUAGE_STANDARD = gnu11;
				INFOPLIST_FILE = "$(SRCROOT)/Source/Support Files/Info.plist";
				INSTALL_PATH = "$(LOCAL_LIBRARY_DIR)/Frameworks";
				IPHONEOS_DEPLOYMENT_TARGET = 8.0;
				LD_RUNPATH_SEARCH_PATHS = "$(inherited) @executable_path/Frameworks @loader_path/Frameworks";
				PRODUCT_BUNDLE_IDENTIFIER = com.hs.WBAlamofire;
				PRODUCT_MODULE_NAME = WBAlamofire;
				PRODUCT_NAME = WBAlamofire;
				PROVISIONING_PROFILE_SPECIFIER = "";
				SKIP_INSTALL = YES;
				SWIFT_VERSION = 4.0;
				TARGETED_DEVICE_FAMILY = "1,2";
				VERSIONING_SYSTEM = "apple-generic";
				VERSION_INFO_PREFIX = "";
			};
			name = Debug;
		};
		DFCBB098201C20F400AA4CDC /* Release */ = {
			isa = XCBuildConfiguration;
			buildSettings = {
				APPLICATION_EXTENSION_API_ONLY = NO;
				CLANG_ANALYZER_NUMBER_OBJECT_CONVERSION = YES_AGGRESSIVE;
				CLANG_CXX_LANGUAGE_STANDARD = "gnu++14";
				CLANG_WARN_UNGUARDED_AVAILABILITY = YES_AGGRESSIVE;
				CODE_SIGN_IDENTITY = "iPhone Developer";
				"CODE_SIGN_IDENTITY[sdk=iphoneos*]" = "";
				CODE_SIGN_STYLE = Manual;
				CURRENT_PROJECT_VERSION = 1;
				DEFINES_MODULE = YES;
				DEVELOPMENT_TEAM = "";
				DYLIB_COMPATIBILITY_VERSION = 1;
				DYLIB_CURRENT_VERSION = 1;
				DYLIB_INSTALL_NAME_BASE = "@rpath";
				FRAMEWORK_SEARCH_PATHS = (
					"$(inherited)",
					"$(PROJECT_DIR)/Carthage/Build/iOS",
				);
				GCC_C_LANGUAGE_STANDARD = gnu11;
				INFOPLIST_FILE = "$(SRCROOT)/Source/Support Files/Info.plist";
				INSTALL_PATH = "$(LOCAL_LIBRARY_DIR)/Frameworks";
				IPHONEOS_DEPLOYMENT_TARGET = 8.0;
				LD_RUNPATH_SEARCH_PATHS = "$(inherited) @executable_path/Frameworks @loader_path/Frameworks";
				PRODUCT_BUNDLE_IDENTIFIER = com.hs.WBAlamofire;
				PRODUCT_MODULE_NAME = WBAlamofire;
				PRODUCT_NAME = WBAlamofire;
				PROVISIONING_PROFILE_SPECIFIER = "";
				SKIP_INSTALL = YES;
				SWIFT_VERSION = 4.0;
				TARGETED_DEVICE_FAMILY = "1,2";
				VERSIONING_SYSTEM = "apple-generic";
				VERSION_INFO_PREFIX = "";
			};
			name = Release;
		};
		DFCBB157201C290100AA4CDC /* Debug */ = {
			isa = XCBuildConfiguration;
			buildSettings = {
				APPLICATION_EXTENSION_API_ONLY = YES;
				CLANG_ANALYZER_NUMBER_OBJECT_CONVERSION = YES_AGGRESSIVE;
				CLANG_CXX_LANGUAGE_STANDARD = "gnu++14";
				CLANG_WARN_UNGUARDED_AVAILABILITY = YES_AGGRESSIVE;
				CODE_SIGN_IDENTITY = "";
				CODE_SIGN_STYLE = Manual;
				CURRENT_PROJECT_VERSION = 1;
				DEFINES_MODULE = YES;
				DEVELOPMENT_TEAM = "";
				DYLIB_COMPATIBILITY_VERSION = 1;
				DYLIB_CURRENT_VERSION = 1;
				DYLIB_INSTALL_NAME_BASE = "@rpath";
				FRAMEWORK_SEARCH_PATHS = (
					"$(inherited)",
					"$(PROJECT_DIR)/Carthage/Build/watchOS",
				);
				GCC_C_LANGUAGE_STANDARD = gnu11;
				INFOPLIST_FILE = "$(SRCROOT)/Source/Support Files/Info.plist";
				INSTALL_PATH = "$(LOCAL_LIBRARY_DIR)/Frameworks";
				LD_RUNPATH_SEARCH_PATHS = "$(inherited) @executable_path/Frameworks @loader_path/Frameworks";
				PRODUCT_BUNDLE_IDENTIFIER = com.hs.WBAlamofire;
				PRODUCT_MODULE_NAME = WBAlamofire;
				PRODUCT_NAME = WBAlamofire;
				PROVISIONING_PROFILE_SPECIFIER = "";
				SDKROOT = watchos;
				SKIP_INSTALL = YES;
				SWIFT_VERSION = 4.0;
				TARGETED_DEVICE_FAMILY = 4;
				VERSIONING_SYSTEM = "apple-generic";
				VERSION_INFO_PREFIX = "";
				WATCHOS_DEPLOYMENT_TARGET = 2.0;
			};
			name = Debug;
		};
		DFCBB158201C290100AA4CDC /* Release */ = {
			isa = XCBuildConfiguration;
			buildSettings = {
				APPLICATION_EXTENSION_API_ONLY = YES;
				CLANG_ANALYZER_NUMBER_OBJECT_CONVERSION = YES_AGGRESSIVE;
				CLANG_CXX_LANGUAGE_STANDARD = "gnu++14";
				CLANG_WARN_UNGUARDED_AVAILABILITY = YES_AGGRESSIVE;
				CODE_SIGN_IDENTITY = "";
				CODE_SIGN_STYLE = Manual;
				CURRENT_PROJECT_VERSION = 1;
				DEFINES_MODULE = YES;
				DEVELOPMENT_TEAM = "";
				DYLIB_COMPATIBILITY_VERSION = 1;
				DYLIB_CURRENT_VERSION = 1;
				DYLIB_INSTALL_NAME_BASE = "@rpath";
				FRAMEWORK_SEARCH_PATHS = (
					"$(inherited)",
					"$(PROJECT_DIR)/Carthage/Build/watchOS",
				);
				GCC_C_LANGUAGE_STANDARD = gnu11;
				INFOPLIST_FILE = "$(SRCROOT)/Source/Support Files/Info.plist";
				INSTALL_PATH = "$(LOCAL_LIBRARY_DIR)/Frameworks";
				LD_RUNPATH_SEARCH_PATHS = "$(inherited) @executable_path/Frameworks @loader_path/Frameworks";
				PRODUCT_BUNDLE_IDENTIFIER = com.hs.WBAlamofire;
				PRODUCT_MODULE_NAME = WBAlamofire;
				PRODUCT_NAME = WBAlamofire;
				PROVISIONING_PROFILE_SPECIFIER = "";
				SDKROOT = watchos;
				SKIP_INSTALL = YES;
				SWIFT_VERSION = 4.0;
				TARGETED_DEVICE_FAMILY = 4;
				VERSIONING_SYSTEM = "apple-generic";
				VERSION_INFO_PREFIX = "";
				WATCHOS_DEPLOYMENT_TARGET = 2.0;
			};
			name = Release;
		};
		DFCBB164201C291200AA4CDC /* Debug */ = {
			isa = XCBuildConfiguration;
			buildSettings = {
				APPLICATION_EXTENSION_API_ONLY = YES;
				CLANG_ANALYZER_NUMBER_OBJECT_CONVERSION = YES_AGGRESSIVE;
				CLANG_CXX_LANGUAGE_STANDARD = "gnu++14";
				CLANG_WARN_UNGUARDED_AVAILABILITY = YES_AGGRESSIVE;
				CODE_SIGN_IDENTITY = "";
				CODE_SIGN_STYLE = Manual;
				CURRENT_PROJECT_VERSION = 1;
				DEFINES_MODULE = YES;
				DEVELOPMENT_TEAM = "";
				DYLIB_COMPATIBILITY_VERSION = 1;
				DYLIB_CURRENT_VERSION = 1;
				DYLIB_INSTALL_NAME_BASE = "@rpath";
				FRAMEWORK_SEARCH_PATHS = (
					"$(inherited)",
					"$(PROJECT_DIR)/Carthage/Build/tvOS",
				);
				GCC_C_LANGUAGE_STANDARD = gnu11;
				INFOPLIST_FILE = "$(SRCROOT)/Source/Support Files/Info.plist";
				INSTALL_PATH = "$(LOCAL_LIBRARY_DIR)/Frameworks";
				LD_RUNPATH_SEARCH_PATHS = "$(inherited) @executable_path/Frameworks @loader_path/Frameworks";
				PRODUCT_BUNDLE_IDENTIFIER = com.hs.WBAlamofire;
				PRODUCT_MODULE_NAME = WBAlamofire;
				PRODUCT_NAME = WBAlamofire;
				PROVISIONING_PROFILE_SPECIFIER = "";
				SDKROOT = appletvos;
				SKIP_INSTALL = YES;
				SWIFT_VERSION = 4.0;
				TARGETED_DEVICE_FAMILY = 3;
				TVOS_DEPLOYMENT_TARGET = 9.0;
				VERSIONING_SYSTEM = "apple-generic";
				VERSION_INFO_PREFIX = "";
			};
			name = Debug;
		};
		DFCBB165201C291200AA4CDC /* Release */ = {
			isa = XCBuildConfiguration;
			buildSettings = {
				APPLICATION_EXTENSION_API_ONLY = YES;
				CLANG_ANALYZER_NUMBER_OBJECT_CONVERSION = YES_AGGRESSIVE;
				CLANG_CXX_LANGUAGE_STANDARD = "gnu++14";
				CLANG_WARN_UNGUARDED_AVAILABILITY = YES_AGGRESSIVE;
				CODE_SIGN_IDENTITY = "";
				CODE_SIGN_STYLE = Manual;
				CURRENT_PROJECT_VERSION = 1;
				DEFINES_MODULE = YES;
				DEVELOPMENT_TEAM = "";
				DYLIB_COMPATIBILITY_VERSION = 1;
				DYLIB_CURRENT_VERSION = 1;
				DYLIB_INSTALL_NAME_BASE = "@rpath";
				FRAMEWORK_SEARCH_PATHS = (
					"$(inherited)",
					"$(PROJECT_DIR)/Carthage/Build/tvOS",
				);
				GCC_C_LANGUAGE_STANDARD = gnu11;
				INFOPLIST_FILE = "$(SRCROOT)/Source/Support Files/Info.plist";
				INSTALL_PATH = "$(LOCAL_LIBRARY_DIR)/Frameworks";
				LD_RUNPATH_SEARCH_PATHS = "$(inherited) @executable_path/Frameworks @loader_path/Frameworks";
				PRODUCT_BUNDLE_IDENTIFIER = com.hs.WBAlamofire;
				PRODUCT_MODULE_NAME = WBAlamofire;
				PRODUCT_NAME = WBAlamofire;
				PROVISIONING_PROFILE_SPECIFIER = "";
				SDKROOT = appletvos;
				SKIP_INSTALL = YES;
				SWIFT_VERSION = 4.0;
				TARGETED_DEVICE_FAMILY = 3;
				TVOS_DEPLOYMENT_TARGET = 9.0;
				VERSIONING_SYSTEM = "apple-generic";
				VERSION_INFO_PREFIX = "";
			};
			name = Release;
		};
		DFCBB171201C292600AA4CDC /* Debug */ = {
			isa = XCBuildConfiguration;
			buildSettings = {
				APPLICATION_EXTENSION_API_ONLY = YES;
				CLANG_ANALYZER_NUMBER_OBJECT_CONVERSION = YES_AGGRESSIVE;
				CLANG_CXX_LANGUAGE_STANDARD = "gnu++14";
				CLANG_WARN_UNGUARDED_AVAILABILITY = YES_AGGRESSIVE;
				CODE_SIGN_IDENTITY = "";
				CODE_SIGN_STYLE = Manual;
				COMBINE_HIDPI_IMAGES = YES;
				CURRENT_PROJECT_VERSION = 1;
				DEFINES_MODULE = YES;
				DEVELOPMENT_TEAM = "";
				DYLIB_COMPATIBILITY_VERSION = 1;
				DYLIB_CURRENT_VERSION = 1;
				DYLIB_INSTALL_NAME_BASE = "@rpath";
				FRAMEWORK_SEARCH_PATHS = (
					"$(inherited)",
					"$(PROJECT_DIR)/Carthage/Build/Mac",
				);
				FRAMEWORK_VERSION = A;
				GCC_C_LANGUAGE_STANDARD = gnu11;
				INFOPLIST_FILE = "$(SRCROOT)/Source/Support Files/Info.plist";
				INSTALL_PATH = "$(LOCAL_LIBRARY_DIR)/Frameworks";
				LD_RUNPATH_SEARCH_PATHS = "$(inherited) @executable_path/../Frameworks @loader_path/Frameworks";
				MACOSX_DEPLOYMENT_TARGET = 10.10;
				PRODUCT_BUNDLE_IDENTIFIER = com.hs.WBAlamofire;
				PRODUCT_MODULE_NAME = WBAlamofire;
				PRODUCT_NAME = WBAlamofire;
				PROVISIONING_PROFILE_SPECIFIER = "";
				SDKROOT = macosx;
				SKIP_INSTALL = YES;
				SWIFT_VERSION = 4.0;
				VERSIONING_SYSTEM = "apple-generic";
				VERSION_INFO_PREFIX = "";
			};
			name = Debug;
		};
		DFCBB172201C292600AA4CDC /* Release */ = {
			isa = XCBuildConfiguration;
			buildSettings = {
				APPLICATION_EXTENSION_API_ONLY = YES;
				CLANG_ANALYZER_NUMBER_OBJECT_CONVERSION = YES_AGGRESSIVE;
				CLANG_CXX_LANGUAGE_STANDARD = "gnu++14";
				CLANG_WARN_UNGUARDED_AVAILABILITY = YES_AGGRESSIVE;
				CODE_SIGN_IDENTITY = "";
				CODE_SIGN_STYLE = Manual;
				COMBINE_HIDPI_IMAGES = YES;
				CURRENT_PROJECT_VERSION = 1;
				DEFINES_MODULE = YES;
				DEVELOPMENT_TEAM = "";
				DYLIB_COMPATIBILITY_VERSION = 1;
				DYLIB_CURRENT_VERSION = 1;
				DYLIB_INSTALL_NAME_BASE = "@rpath";
				FRAMEWORK_SEARCH_PATHS = (
					"$(inherited)",
					"$(PROJECT_DIR)/Carthage/Build/Mac",
				);
				FRAMEWORK_VERSION = A;
				GCC_C_LANGUAGE_STANDARD = gnu11;
				INFOPLIST_FILE = "$(SRCROOT)/Source/Support Files/Info.plist";
				INSTALL_PATH = "$(LOCAL_LIBRARY_DIR)/Frameworks";
				LD_RUNPATH_SEARCH_PATHS = "$(inherited) @executable_path/../Frameworks @loader_path/Frameworks";
				MACOSX_DEPLOYMENT_TARGET = 10.10;
				PRODUCT_BUNDLE_IDENTIFIER = com.hs.WBAlamofire;
				PRODUCT_MODULE_NAME = WBAlamofire;
				PRODUCT_NAME = WBAlamofire;
				PROVISIONING_PROFILE_SPECIFIER = "";
				SDKROOT = macosx;
				SKIP_INSTALL = YES;
				SWIFT_VERSION = 4.0;
				VERSIONING_SYSTEM = "apple-generic";
				VERSION_INFO_PREFIX = "";
			};
			name = Release;
		};
/* End XCBuildConfiguration section */

/* Begin XCConfigurationList section */
		DF1586271E84D0620053CB3D /* Build configuration list for PBXProject "WBAlamofire" */ = {
			isa = XCConfigurationList;
			buildConfigurations = (
				DF15863C1E84D0620053CB3D /* Debug */,
				DF15863D1E84D0620053CB3D /* Release */,
			);
			defaultConfigurationIsVisible = 0;
			defaultConfigurationName = Release;
		};
		DF15863E1E84D0620053CB3D /* Build configuration list for PBXNativeTarget "WBAlamofire" */ = {
			isa = XCConfigurationList;
			buildConfigurations = (
				DF15863F1E84D0620053CB3D /* Debug */,
				DF1586401E84D0620053CB3D /* Release */,
			);
			defaultConfigurationIsVisible = 0;
			defaultConfigurationName = Release;
		};
		DF949554201F13CB0046D7A8 /* Build configuration list for PBXNativeTarget "WBAlamofireTests" */ = {
			isa = XCConfigurationList;
			buildConfigurations = (
				DF949552201F13CB0046D7A8 /* Debug */,
				DF949553201F13CB0046D7A8 /* Release */,
			);
			defaultConfigurationIsVisible = 0;
			defaultConfigurationName = Release;
		};
		DFCBB099201C20F400AA4CDC /* Build configuration list for PBXNativeTarget "WBAlamofire iOS" */ = {
			isa = XCConfigurationList;
			buildConfigurations = (
				DFCBB097201C20F400AA4CDC /* Debug */,
				DFCBB098201C20F400AA4CDC /* Release */,
			);
			defaultConfigurationIsVisible = 0;
			defaultConfigurationName = Release;
		};
		DFCBB156201C290100AA4CDC /* Build configuration list for PBXNativeTarget "WBAlamofire watchOS" */ = {
			isa = XCConfigurationList;
			buildConfigurations = (
				DFCBB157201C290100AA4CDC /* Debug */,
				DFCBB158201C290100AA4CDC /* Release */,
			);
			defaultConfigurationIsVisible = 0;
			defaultConfigurationName = Release;
		};
		DFCBB163201C291200AA4CDC /* Build configuration list for PBXNativeTarget "WBAlamofire tvOS" */ = {
			isa = XCConfigurationList;
			buildConfigurations = (
				DFCBB164201C291200AA4CDC /* Debug */,
				DFCBB165201C291200AA4CDC /* Release */,
			);
			defaultConfigurationIsVisible = 0;
			defaultConfigurationName = Release;
		};
		DFCBB170201C292600AA4CDC /* Build configuration list for PBXNativeTarget "WBAlamofire macOS" */ = {
			isa = XCConfigurationList;
			buildConfigurations = (
				DFCBB171201C292600AA4CDC /* Debug */,
				DFCBB172201C292600AA4CDC /* Release */,
			);
			defaultConfigurationIsVisible = 0;
			defaultConfigurationName = Release;
		};
/* End XCConfigurationList section */
	};
	rootObject = DF1586241E84D0620053CB3D /* Project object */;
}
